// !$*UTF8*$!
{
	archiveVersion = 1;
	classes = {
	};
	objectVersion = 56;
	objects = {

/* Begin PBXBuildFile section */
		314558242AEEE57F0014DB0A /* CollectionRatingStackView.swift in Sources */ = {isa = PBXBuildFile; fileRef = 314558232AEEE57F0014DB0A /* CollectionRatingStackView.swift */; };
		318C0CA32AE0082300FF0270 /* CollectionShortModel.swift in Sources */ = {isa = PBXBuildFile; fileRef = 318C0CA22AE0082300FF0270 /* CollectionShortModel.swift */; };
		318C0CA52AE57BF700FF0270 /* WebViewView.swift in Sources */ = {isa = PBXBuildFile; fileRef = 318C0CA42AE57BF700FF0270 /* WebViewView.swift */; };
		318C0CA82AE584DB00FF0270 /* CollectionItemViewController.swift in Sources */ = {isa = PBXBuildFile; fileRef = 318C0CA72AE584DB00FF0270 /* CollectionItemViewController.swift */; };
		31958C192ADEE8C600824EA4 /* ProfileUpdateDTO.swift in Sources */ = {isa = PBXBuildFile; fileRef = 31958C182ADEE8C600824EA4 /* ProfileUpdateDTO.swift */; };
		31958C1B2ADEE8EF00824EA4 /* OrderUpdateDTO.swift in Sources */ = {isa = PBXBuildFile; fileRef = 31958C1A2ADEE8EF00824EA4 /* OrderUpdateDTO.swift */; };
		31958C1F2ADF0A5D00824EA4 /* Float+Extensions.swift in Sources */ = {isa = PBXBuildFile; fileRef = 31958C1E2ADF0A5D00824EA4 /* Float+Extensions.swift */; };
		31994A962AD486B800B57E7B /* Config.swift in Sources */ = {isa = PBXBuildFile; fileRef = 31994A952AD486B800B57E7B /* Config.swift */; };
		31994A982AD487AB00B57E7B /* Collection.swift in Sources */ = {isa = PBXBuildFile; fileRef = 31994A972AD487AB00B57E7B /* Collection.swift */; };
		31994AA02AD53AAA00B57E7B /* UIBlockingProgressHUD.swift in Sources */ = {isa = PBXBuildFile; fileRef = 31994A9F2AD53AAA00B57E7B /* UIBlockingProgressHUD.swift */; };
		31994AA42AD53E8700B57E7B /* ItemNFT.swift in Sources */ = {isa = PBXBuildFile; fileRef = 31994AA32AD53E8700B57E7B /* ItemNFT.swift */; };
		31994AA62AD5423F00B57E7B /* Order.swift in Sources */ = {isa = PBXBuildFile; fileRef = 31994AA52AD5423F00B57E7B /* Order.swift */; };
		31994AA82AD544F500B57E7B /* Currency.swift in Sources */ = {isa = PBXBuildFile; fileRef = 31994AA72AD544F500B57E7B /* Currency.swift */; };
		31994AAA2AD545D400B57E7B /* OrderPaymentStatus.swift in Sources */ = {isa = PBXBuildFile; fileRef = 31994AA92AD545D400B57E7B /* OrderPaymentStatus.swift */; };
		31994AAC2AD5460500B57E7B /* User.swift in Sources */ = {isa = PBXBuildFile; fileRef = 31994AAB2AD5460500B57E7B /* User.swift */; };
		31994AB32AD57B6B00B57E7B /* CatalogViewModel.swift in Sources */ = {isa = PBXBuildFile; fileRef = 31994AB22AD57B6B00B57E7B /* CatalogViewModel.swift */; };
		31994AB52AD57B8800B57E7B /* CatalogViewController.swift in Sources */ = {isa = PBXBuildFile; fileRef = 31994AB42AD57B8800B57E7B /* CatalogViewController.swift */; };
		31994AB72AD57BB100B57E7B /* CatalogTableViewCell.swift in Sources */ = {isa = PBXBuildFile; fileRef = 31994AB62AD57BB100B57E7B /* CatalogTableViewCell.swift */; };
		31994AC22AD67AC200B57E7B /* CollectionViewController.swift in Sources */ = {isa = PBXBuildFile; fileRef = 31994AC12AD67AC200B57E7B /* CollectionViewController.swift */; };
		31994AC42AD67ADA00B57E7B /* CollectionViewModel.swift in Sources */ = {isa = PBXBuildFile; fileRef = 31994AC32AD67ADA00B57E7B /* CollectionViewModel.swift */; };
		31994AC62AD6818D00B57E7B /* ImageCollectionViewCell.swift in Sources */ = {isa = PBXBuildFile; fileRef = 31994AC52AD6818D00B57E7B /* ImageCollectionViewCell.swift */; };
		31994AC82AD6821F00B57E7B /* DescriptionCollectionViewCell.swift in Sources */ = {isa = PBXBuildFile; fileRef = 31994AC72AD6821F00B57E7B /* DescriptionCollectionViewCell.swift */; };
		31994ACA2AD6825900B57E7B /* NFTCollectionViewCell.swift in Sources */ = {isa = PBXBuildFile; fileRef = 31994AC92AD6825900B57E7B /* NFTCollectionViewCell.swift */; };
		31994ACE2ADA8FC800B57E7B /* CollectionNFTSection.swift in Sources */ = {isa = PBXBuildFile; fileRef = 31994ACD2ADA8FC800B57E7B /* CollectionNFTSection.swift */; };
		31994AD02ADA9C4100B57E7B /* String+Extensions.swift in Sources */ = {isa = PBXBuildFile; fileRef = 31994ACF2ADA9C4100B57E7B /* String+Extensions.swift */; };
		31994AD22ADAA85600B57E7B /* SortCollections.swift in Sources */ = {isa = PBXBuildFile; fileRef = 31994AD12ADAA85600B57E7B /* SortCollections.swift */; };
		31994AD42ADAAB7700B57E7B /* CollectionRequest.swift in Sources */ = {isa = PBXBuildFile; fileRef = 31994AD32ADAAB7700B57E7B /* CollectionRequest.swift */; };
		3F478ECF29DB474E00F6D39E /* Colors.swift in Sources */ = {isa = PBXBuildFile; fileRef = 3F478ECE29DB474E00F6D39E /* Colors.swift */; };
		3F478ED129DB476500F6D39E /* Fonts.swift in Sources */ = {isa = PBXBuildFile; fileRef = 3F478ED029DB476500F6D39E /* Fonts.swift */; };
		3F603CCD29DB4A53000C43D7 /* ProgressHUD in Frameworks */ = {isa = PBXBuildFile; productRef = 3F603CCC29DB4A53000C43D7 /* ProgressHUD */; };
		3F603CD029DB4A74000C43D7 /* Kingfisher in Frameworks */ = {isa = PBXBuildFile; productRef = 3F603CCF29DB4A74000C43D7 /* Kingfisher */; };
		3F68069729CBBAF100B4F915 /* AppDelegate.swift in Sources */ = {isa = PBXBuildFile; fileRef = 3F68069629CBBAF100B4F915 /* AppDelegate.swift */; };
		3F6806A029CBBAF200B4F915 /* Assets.xcassets in Resources */ = {isa = PBXBuildFile; fileRef = 3F68069F29CBBAF200B4F915 /* Assets.xcassets */; };
		3F6806A329CBBAF200B4F915 /* LaunchScreen.storyboard in Resources */ = {isa = PBXBuildFile; fileRef = 3F6806A129CBBAF200B4F915 /* LaunchScreen.storyboard */; };
		3F6806AE29CBBAF200B4F915 /* ExampleUnitTests.swift in Sources */ = {isa = PBXBuildFile; fileRef = 3F6806AD29CBBAF200B4F915 /* ExampleUnitTests.swift */; };
		3F6806B829CBBAF200B4F915 /* FakeNFTUITests.swift in Sources */ = {isa = PBXBuildFile; fileRef = 3F6806B729CBBAF200B4F915 /* FakeNFTUITests.swift */; };
		3F6806D129CBBE6B00B4F915 /* NetworkClient.swift in Sources */ = {isa = PBXBuildFile; fileRef = 3F6806D029CBBE6B00B4F915 /* NetworkClient.swift */; };
		3F6806D329CBBE9600B4F915 /* NetworkRequest.swift in Sources */ = {isa = PBXBuildFile; fileRef = 3F6806D229CBBE9600B4F915 /* NetworkRequest.swift */; };
		3F6806D529CBBEC700B4F915 /* NetworkTask.swift in Sources */ = {isa = PBXBuildFile; fileRef = 3F6806D429CBBEC700B4F915 /* NetworkTask.swift */; };
		3F6806D729CBC50A00B4F915 /* CellsReusingUtils.swift in Sources */ = {isa = PBXBuildFile; fileRef = 3F6806D629CBC50A00B4F915 /* CellsReusingUtils.swift */; };
		3FC8C38B29D242E90081F015 /* (null) in Sources */ = {isa = PBXBuildFile; };
		3FC8C39129D2453B0081F015 /* ExampleRequest.swift in Sources */ = {isa = PBXBuildFile; fileRef = 3FC8C39029D2453B0081F015 /* ExampleRequest.swift */; };
		3FC8C39729D24D9D0081F015 /* (null) in Resources */ = {isa = PBXBuildFile; };
		BC0710EC2AEA424D00E817EE /* MockCurrency.swift in Sources */ = {isa = PBXBuildFile; fileRef = BC0710EB2AEA424D00E817EE /* MockCurrency.swift */; };
		BC0710F02AEAFD3100E817EE /* CartFlowUITests.swift in Sources */ = {isa = PBXBuildFile; fileRef = BC0710EF2AEAFD3100E817EE /* CartFlowUITests.swift */; };
		BC223BAA2AF3EEC50003B547 /* Profile.swift in Sources */ = {isa = PBXBuildFile; fileRef = BC223BA92AF3EEC50003B547 /* Profile.swift */; };
		BC223BBC2AF3EEE90003B547 /* FavoritesNFTsCollectionViewCell.swift in Sources */ = {isa = PBXBuildFile; fileRef = BC223BAD2AF3EEE90003B547 /* FavoritesNFTsCollectionViewCell.swift */; };
		BC223BBD2AF3EEE90003B547 /* FavoritesNFTsCollectionViewController.swift in Sources */ = {isa = PBXBuildFile; fileRef = BC223BAE2AF3EEE90003B547 /* FavoritesNFTsCollectionViewController.swift */; };
		BC223BBE2AF3EEE90003B547 /* MyNFTsTableViewController.swift in Sources */ = {isa = PBXBuildFile; fileRef = BC223BB02AF3EEE90003B547 /* MyNFTsTableViewController.swift */; };
		BC223BBF2AF3EEE90003B547 /* MyNFTsTableViewCell.swift in Sources */ = {isa = PBXBuildFile; fileRef = BC223BB12AF3EEE90003B547 /* MyNFTsTableViewCell.swift */; };
		BC223BC02AF3EEE90003B547 /* NFTListType.swift in Sources */ = {isa = PBXBuildFile; fileRef = BC223BB32AF3EEE90003B547 /* NFTListType.swift */; };
		BC223BC12AF3EEE90003B547 /* ProfileInfo.swift in Sources */ = {isa = PBXBuildFile; fileRef = BC223BB42AF3EEE90003B547 /* ProfileInfo.swift */; };
		BC223BC22AF3EEE90003B547 /* UILablel+Extensions.swift in Sources */ = {isa = PBXBuildFile; fileRef = BC223BB62AF3EEE90003B547 /* UILablel+Extensions.swift */; };
		BC223BC32AF3EEE90003B547 /* ProfileService.swift in Sources */ = {isa = PBXBuildFile; fileRef = BC223BB82AF3EEE90003B547 /* ProfileService.swift */; };
		BC223BC42AF3EEE90003B547 /* ProfileViewController.swift in Sources */ = {isa = PBXBuildFile; fileRef = BC223BB92AF3EEE90003B547 /* ProfileViewController.swift */; };
		BC223BC52AF3EEE90003B547 /* ProfileEditingViewController.swift in Sources */ = {isa = PBXBuildFile; fileRef = BC223BBA2AF3EEE90003B547 /* ProfileEditingViewController.swift */; };
		BC223BC62AF3EEE90003B547 /* ProfileViewModel.swift in Sources */ = {isa = PBXBuildFile; fileRef = BC223BBB2AF3EEE90003B547 /* ProfileViewModel.swift */; };
		BC2C52A12AD5C9CE0066C940 /* SF-Pro-Text-Medium.otf in Resources */ = {isa = PBXBuildFile; fileRef = BC2C529E2AD5C9CE0066C940 /* SF-Pro-Text-Medium.otf */; };
		BC2C52A22AD5C9CE0066C940 /* SF-Pro-Text-Medium.otf in Resources */ = {isa = PBXBuildFile; fileRef = BC2C529E2AD5C9CE0066C940 /* SF-Pro-Text-Medium.otf */; };
		BC2C52A32AD5C9CE0066C940 /* SF-Pro-Text-Medium.otf in Resources */ = {isa = PBXBuildFile; fileRef = BC2C529E2AD5C9CE0066C940 /* SF-Pro-Text-Medium.otf */; };
		BC2C52A42AD5C9CE0066C940 /* SF-Pro-Text-Bold.otf in Resources */ = {isa = PBXBuildFile; fileRef = BC2C529F2AD5C9CE0066C940 /* SF-Pro-Text-Bold.otf */; };
		BC2C52A52AD5C9CE0066C940 /* SF-Pro-Text-Bold.otf in Resources */ = {isa = PBXBuildFile; fileRef = BC2C529F2AD5C9CE0066C940 /* SF-Pro-Text-Bold.otf */; };
		BC2C52A62AD5C9CE0066C940 /* SF-Pro-Text-Bold.otf in Resources */ = {isa = PBXBuildFile; fileRef = BC2C529F2AD5C9CE0066C940 /* SF-Pro-Text-Bold.otf */; };
		BC2C52A72AD5C9CE0066C940 /* SF-Pro-Text-Regular.otf in Resources */ = {isa = PBXBuildFile; fileRef = BC2C52A02AD5C9CE0066C940 /* SF-Pro-Text-Regular.otf */; };
		BC2C52A82AD5C9CE0066C940 /* SF-Pro-Text-Regular.otf in Resources */ = {isa = PBXBuildFile; fileRef = BC2C52A02AD5C9CE0066C940 /* SF-Pro-Text-Regular.otf */; };
		BC2C52A92AD5C9CE0066C940 /* SF-Pro-Text-Regular.otf in Resources */ = {isa = PBXBuildFile; fileRef = BC2C52A02AD5C9CE0066C940 /* SF-Pro-Text-Regular.otf */; };
		BC2C52AB2AD5CA080066C940 /* Fonts.swift in Sources */ = {isa = PBXBuildFile; fileRef = 3F478ED029DB476500F6D39E /* Fonts.swift */; };
		BC2C52AC2AD5CA080066C940 /* Fonts.swift in Sources */ = {isa = PBXBuildFile; fileRef = 3F478ED029DB476500F6D39E /* Fonts.swift */; };
		BC2C84D02ADC7917006C4E91 /* Observable.swift in Sources */ = {isa = PBXBuildFile; fileRef = BC2C84CF2ADC7917006C4E91 /* Observable.swift */; };
		BC2C84D22ADDA32B006C4E91 /* DeleteConfirmationViewController.swift in Sources */ = {isa = PBXBuildFile; fileRef = BC2C84D12ADDA32B006C4E91 /* DeleteConfirmationViewController.swift */; };
		BC2C84D42ADEF2E3006C4E91 /* CurrencyCell.swift in Sources */ = {isa = PBXBuildFile; fileRef = BC2C84D32ADEF2E3006C4E91 /* CurrencyCell.swift */; };
		BC2C84D62ADF1503006C4E91 /* MakePaymentView.swift in Sources */ = {isa = PBXBuildFile; fileRef = BC2C84D52ADF1503006C4E91 /* MakePaymentView.swift */; };
		BC2C84D82ADF26A6006C4E91 /* CheckoutViewModel.swift in Sources */ = {isa = PBXBuildFile; fileRef = BC2C84D72ADF26A6006C4E91 /* CheckoutViewModel.swift */; };
		BC35DED12AD9B116008C252D /* OrderAndPaymentService.swift in Sources */ = {isa = PBXBuildFile; fileRef = BC35DED02AD9B116008C252D /* OrderAndPaymentService.swift */; };
		BC4C6CBF2AD5C45700693D4D /* Assets.xcassets in Resources */ = {isa = PBXBuildFile; fileRef = 3F68069F29CBBAF200B4F915 /* Assets.xcassets */; };
		BC4C6CC02AD5C45D00693D4D /* Assets.xcassets in Resources */ = {isa = PBXBuildFile; fileRef = 3F68069F29CBBAF200B4F915 /* Assets.xcassets */; };
		BC62576F2ADC4AC100E3E0F9 /* CheckoutViewController.swift in Sources */ = {isa = PBXBuildFile; fileRef = BC62576E2ADC4AC100E3E0F9 /* CheckoutViewController.swift */; };
		BC6257712ADC4B0B00E3E0F9 /* CartFlowRouter.swift in Sources */ = {isa = PBXBuildFile; fileRef = BC6257702ADC4B0B00E3E0F9 /* CartFlowRouter.swift */; };
		BC7058812AF03BFD005C3D54 /* ExtensionUITabBar.swift in Sources */ = {isa = PBXBuildFile; fileRef = BC7058802AF03BFD005C3D54 /* ExtensionUITabBar.swift */; };
		BC7058832AF03C76005C3D54 /* ExtensionUINavigationBar.swift in Sources */ = {isa = PBXBuildFile; fileRef = BC7058822AF03C76005C3D54 /* ExtensionUINavigationBar.swift */; };
		BC94054D2AE6D2E800786D84 /* CartFlowDecomposition.md in Resources */ = {isa = PBXBuildFile; fileRef = BC94054B2AE6D2E700786D84 /* CartFlowDecomposition.md */; };
		BC94054F2AE6E6DC00786D84 /* CartViewModelTests.swift in Sources */ = {isa = PBXBuildFile; fileRef = BC94054E2AE6E6DC00786D84 /* CartViewModelTests.swift */; };
		BC9405542AE99B6400786D84 /* MockOrder.swift in Sources */ = {isa = PBXBuildFile; fileRef = BC9405532AE99B6400786D84 /* MockOrder.swift */; };
		BC9405562AE99BAF00786D84 /* OrderServiceSpy.swift in Sources */ = {isa = PBXBuildFile; fileRef = BC9405552AE99BAF00786D84 /* OrderServiceSpy.swift */; };
		BC9405582AE99CF200786D84 /* CartFlowRouterSpy.swift in Sources */ = {isa = PBXBuildFile; fileRef = BC9405572AE99CF200786D84 /* CartFlowRouterSpy.swift */; };
		BC94055A2AE9B7C800786D84 /* CheckoutViewModelTests.swift in Sources */ = {isa = PBXBuildFile; fileRef = BC9405592AE9B7C800786D84 /* CheckoutViewModelTests.swift */; };
		BC94055C2AE9BF6B00786D84 /* CheckoutServiceSpy.swift in Sources */ = {isa = PBXBuildFile; fileRef = BC94055B2AE9BF6B00786D84 /* CheckoutServiceSpy.swift */; };
		BC986C032AE57DB200E17267 /* OrderAndPaymentRequests.swift in Sources */ = {isa = PBXBuildFile; fileRef = BC986C022AE57DB200E17267 /* OrderAndPaymentRequests.swift */; };
		BC986C0B2AE5986000E17267 /* WebViewController.swift in Sources */ = {isa = PBXBuildFile; fileRef = BC986C092AE5986000E17267 /* WebViewController.swift */; };
		BC986C0C2AE5986000E17267 /* WebViewModel.swift in Sources */ = {isa = PBXBuildFile; fileRef = BC986C0A2AE5986000E17267 /* WebViewModel.swift */; };
		BC986C162AE5A02D00E17267 /* PaymentSuccessViewController.swift in Sources */ = {isa = PBXBuildFile; fileRef = BC986C152AE5A02D00E17267 /* PaymentSuccessViewController.swift */; };
		BCA4A6192AEB952000B31E14 /* CartFlow.strings in Resources */ = {isa = PBXBuildFile; fileRef = BCA4A6182AEB952000B31E14 /* CartFlow.strings */; };
		BCABD6A72AE194FE00B1C2C4 /* GenericButton.swift in Sources */ = {isa = PBXBuildFile; fileRef = BCABD6A62AE194FE00B1C2C4 /* GenericButton.swift */; };
		BCABD6A92AE1951500B1C2C4 /* CornerRadius.swift in Sources */ = {isa = PBXBuildFile; fileRef = BCABD6A82AE1951500B1C2C4 /* CornerRadius.swift */; };
		BCB1DDFB2AD7080D002ED041 /* CartViewController.swift in Sources */ = {isa = PBXBuildFile; fileRef = BCB1DDFA2AD7080D002ED041 /* CartViewController.swift */; };
		BCB1DDFD2AD70867002ED041 /* CartItemCell.swift in Sources */ = {isa = PBXBuildFile; fileRef = BCB1DDFC2AD70867002ED041 /* CartItemCell.swift */; };
		BCB1DDFF2AD70B0D002ED041 /* CartViewModel.swift in Sources */ = {isa = PBXBuildFile; fileRef = BCB1DDFE2AD70B0D002ED041 /* CartViewModel.swift */; };
		BCB1DE012AD70B37002ED041 /* CartTotalView.swift in Sources */ = {isa = PBXBuildFile; fileRef = BCB1DE002AD70B37002ED041 /* CartTotalView.swift */; };
		BCB1DE032AD7108A002ED041 /* RatingView.swift in Sources */ = {isa = PBXBuildFile; fileRef = BCB1DE022AD7108A002ED041 /* RatingView.swift */; };
		BCBC66782AF1659600B44DE9 /* SceneDelegate.swift in Sources */ = {isa = PBXBuildFile; fileRef = BCBC66772AF1659600B44DE9 /* SceneDelegate.swift */; };
		FA1391432AE96A5C00EBE30A /* UsersCollectionViewController.swift in Sources */ = {isa = PBXBuildFile; fileRef = FA1391422AE96A5C00EBE30A /* UsersCollectionViewController.swift */; };
		FA1391452AE96AA300EBE30A /* NFTCell.swift in Sources */ = {isa = PBXBuildFile; fileRef = FA1391442AE96AA300EBE30A /* NFTCell.swift */; };
		FA1391472AE96DCC00EBE30A /* UsersCollectionViewModel.swift in Sources */ = {isa = PBXBuildFile; fileRef = FA1391462AE96DCC00EBE30A /* UsersCollectionViewModel.swift */; };
		FA1391492AE96E0F00EBE30A /* UsersCollectionService.swift in Sources */ = {isa = PBXBuildFile; fileRef = FA1391482AE96E0F00EBE30A /* UsersCollectionService.swift */; };
		FA13914B2AE96F9400EBE30A /* TempRatingStackView.swift in Sources */ = {isa = PBXBuildFile; fileRef = FA13914A2AE96F9400EBE30A /* TempRatingStackView.swift */; };
		FA6CC9D72AD5A7C000DC5406 /* UserViewCell.swift in Sources */ = {isa = PBXBuildFile; fileRef = FA6CC9D62AD5A7C000DC5406 /* UserViewCell.swift */; };
		FA6CC9D92AD5A80900DC5406 /* UserViewCellViewModel.swift in Sources */ = {isa = PBXBuildFile; fileRef = FA6CC9D82AD5A80900DC5406 /* UserViewCellViewModel.swift */; };
		FAE0C0942AD6F378000AD7B3 /* StatisticsViewController.swift in Sources */ = {isa = PBXBuildFile; fileRef = FAE0C0932AD6F378000AD7B3 /* StatisticsViewController.swift */; };
		FAE0C0962AD6F3BC000AD7B3 /* StatisticsViewModel.swift in Sources */ = {isa = PBXBuildFile; fileRef = FAE0C0952AD6F3BC000AD7B3 /* StatisticsViewModel.swift */; };
		FAE0C0982AD6F3EA000AD7B3 /* StatisticsService.swift in Sources */ = {isa = PBXBuildFile; fileRef = FAE0C0972AD6F3EA000AD7B3 /* StatisticsService.swift */; };
		FAE0C09C2AD6FFAF000AD7B3 /* MainTabBarViewController.swift in Sources */ = {isa = PBXBuildFile; fileRef = FAE0C09B2AD6FFAF000AD7B3 /* MainTabBarViewController.swift */; };
		FAF290B72ADD90C300DA3258 /* UserCardViewController.swift in Sources */ = {isa = PBXBuildFile; fileRef = FAF290B62ADD90C300DA3258 /* UserCardViewController.swift */; };
		FAF290B92ADD974E00DA3258 /* UserCardViewModel.swift in Sources */ = {isa = PBXBuildFile; fileRef = FAF290B82ADD974E00DA3258 /* UserCardViewModel.swift */; };
		FAF290BB2ADD978F00DA3258 /* UserCardService.swift in Sources */ = {isa = PBXBuildFile; fileRef = FAF290BA2ADD978F00DA3258 /* UserCardService.swift */; };
/* End PBXBuildFile section */

/* Begin PBXContainerItemProxy section */
		3F6806AA29CBBAF200B4F915 /* PBXContainerItemProxy */ = {
			isa = PBXContainerItemProxy;
			containerPortal = 3F68068B29CBBAF100B4F915 /* Project object */;
			proxyType = 1;
			remoteGlobalIDString = 3F68069229CBBAF100B4F915;
			remoteInfo = FakeNFT;
		};
		3F6806B429CBBAF200B4F915 /* PBXContainerItemProxy */ = {
			isa = PBXContainerItemProxy;
			containerPortal = 3F68068B29CBBAF100B4F915 /* Project object */;
			proxyType = 1;
			remoteGlobalIDString = 3F68069229CBBAF100B4F915;
			remoteInfo = FakeNFT;
		};
/* End PBXContainerItemProxy section */

/* Begin PBXFileReference section */
		314558232AEEE57F0014DB0A /* CollectionRatingStackView.swift */ = {isa = PBXFileReference; lastKnownFileType = sourcecode.swift; path = CollectionRatingStackView.swift; sourceTree = "<group>"; };
		318C0CA22AE0082300FF0270 /* CollectionShortModel.swift */ = {isa = PBXFileReference; lastKnownFileType = sourcecode.swift; path = CollectionShortModel.swift; sourceTree = "<group>"; };
		318C0CA42AE57BF700FF0270 /* WebViewView.swift */ = {isa = PBXFileReference; lastKnownFileType = sourcecode.swift; path = WebViewView.swift; sourceTree = "<group>"; };
		318C0CA72AE584DB00FF0270 /* CollectionItemViewController.swift */ = {isa = PBXFileReference; lastKnownFileType = sourcecode.swift; path = CollectionItemViewController.swift; sourceTree = "<group>"; };
		31958C182ADEE8C600824EA4 /* ProfileUpdateDTO.swift */ = {isa = PBXFileReference; lastKnownFileType = sourcecode.swift; path = ProfileUpdateDTO.swift; sourceTree = "<group>"; };
		31958C1A2ADEE8EF00824EA4 /* OrderUpdateDTO.swift */ = {isa = PBXFileReference; lastKnownFileType = sourcecode.swift; path = OrderUpdateDTO.swift; sourceTree = "<group>"; };
		31958C1E2ADF0A5D00824EA4 /* Float+Extensions.swift */ = {isa = PBXFileReference; lastKnownFileType = sourcecode.swift; path = "Float+Extensions.swift"; sourceTree = "<group>"; };
		31994A952AD486B800B57E7B /* Config.swift */ = {isa = PBXFileReference; lastKnownFileType = sourcecode.swift; path = Config.swift; sourceTree = "<group>"; };
		31994A972AD487AB00B57E7B /* Collection.swift */ = {isa = PBXFileReference; lastKnownFileType = sourcecode.swift; path = Collection.swift; sourceTree = "<group>"; };
		31994A9F2AD53AAA00B57E7B /* UIBlockingProgressHUD.swift */ = {isa = PBXFileReference; lastKnownFileType = sourcecode.swift; path = UIBlockingProgressHUD.swift; sourceTree = "<group>"; };
		31994AA32AD53E8700B57E7B /* ItemNFT.swift */ = {isa = PBXFileReference; lastKnownFileType = sourcecode.swift; path = ItemNFT.swift; sourceTree = "<group>"; };
		31994AA52AD5423F00B57E7B /* Order.swift */ = {isa = PBXFileReference; lastKnownFileType = sourcecode.swift; path = Order.swift; sourceTree = "<group>"; };
		31994AA72AD544F500B57E7B /* Currency.swift */ = {isa = PBXFileReference; lastKnownFileType = sourcecode.swift; path = Currency.swift; sourceTree = "<group>"; };
		31994AA92AD545D400B57E7B /* OrderPaymentStatus.swift */ = {isa = PBXFileReference; lastKnownFileType = sourcecode.swift; path = OrderPaymentStatus.swift; sourceTree = "<group>"; };
		31994AAB2AD5460500B57E7B /* User.swift */ = {isa = PBXFileReference; lastKnownFileType = sourcecode.swift; path = User.swift; sourceTree = "<group>"; };
		31994AB22AD57B6B00B57E7B /* CatalogViewModel.swift */ = {isa = PBXFileReference; lastKnownFileType = sourcecode.swift; path = CatalogViewModel.swift; sourceTree = "<group>"; };
		31994AB42AD57B8800B57E7B /* CatalogViewController.swift */ = {isa = PBXFileReference; lastKnownFileType = sourcecode.swift; path = CatalogViewController.swift; sourceTree = "<group>"; };
		31994AB62AD57BB100B57E7B /* CatalogTableViewCell.swift */ = {isa = PBXFileReference; lastKnownFileType = sourcecode.swift; path = CatalogTableViewCell.swift; sourceTree = "<group>"; };
		31994AC12AD67AC200B57E7B /* CollectionViewController.swift */ = {isa = PBXFileReference; lastKnownFileType = sourcecode.swift; path = CollectionViewController.swift; sourceTree = "<group>"; };
		31994AC32AD67ADA00B57E7B /* CollectionViewModel.swift */ = {isa = PBXFileReference; lastKnownFileType = sourcecode.swift; path = CollectionViewModel.swift; sourceTree = "<group>"; };
		31994AC52AD6818D00B57E7B /* ImageCollectionViewCell.swift */ = {isa = PBXFileReference; lastKnownFileType = sourcecode.swift; path = ImageCollectionViewCell.swift; sourceTree = "<group>"; };
		31994AC72AD6821F00B57E7B /* DescriptionCollectionViewCell.swift */ = {isa = PBXFileReference; lastKnownFileType = sourcecode.swift; path = DescriptionCollectionViewCell.swift; sourceTree = "<group>"; };
		31994AC92AD6825900B57E7B /* NFTCollectionViewCell.swift */ = {isa = PBXFileReference; lastKnownFileType = sourcecode.swift; path = NFTCollectionViewCell.swift; sourceTree = "<group>"; };
		31994ACD2ADA8FC800B57E7B /* CollectionNFTSection.swift */ = {isa = PBXFileReference; lastKnownFileType = sourcecode.swift; path = CollectionNFTSection.swift; sourceTree = "<group>"; };
		31994ACF2ADA9C4100B57E7B /* String+Extensions.swift */ = {isa = PBXFileReference; lastKnownFileType = sourcecode.swift; path = "String+Extensions.swift"; sourceTree = "<group>"; };
		31994AD12ADAA85600B57E7B /* SortCollections.swift */ = {isa = PBXFileReference; lastKnownFileType = sourcecode.swift; path = SortCollections.swift; sourceTree = "<group>"; };
		31994AD32ADAAB7700B57E7B /* CollectionRequest.swift */ = {isa = PBXFileReference; lastKnownFileType = sourcecode.swift; path = CollectionRequest.swift; sourceTree = "<group>"; };
		31994AD52ADAE1DD00B57E7B /* kruchenkov_catalog.md */ = {isa = PBXFileReference; lastKnownFileType = net.daringfireball.markdown; path = kruchenkov_catalog.md; sourceTree = "<group>"; };
		3F478ECE29DB474E00F6D39E /* Colors.swift */ = {isa = PBXFileReference; lastKnownFileType = sourcecode.swift; path = Colors.swift; sourceTree = "<group>"; };
		3F478ED029DB476500F6D39E /* Fonts.swift */ = {isa = PBXFileReference; lastKnownFileType = sourcecode.swift; path = Fonts.swift; sourceTree = "<group>"; };
		3F68069329CBBAF100B4F915 /* FakeNFT.app */ = {isa = PBXFileReference; explicitFileType = wrapper.application; includeInIndex = 0; path = FakeNFT.app; sourceTree = BUILT_PRODUCTS_DIR; };
		3F68069629CBBAF100B4F915 /* AppDelegate.swift */ = {isa = PBXFileReference; lastKnownFileType = sourcecode.swift; path = AppDelegate.swift; sourceTree = "<group>"; };
		3F68069F29CBBAF200B4F915 /* Assets.xcassets */ = {isa = PBXFileReference; lastKnownFileType = folder.assetcatalog; path = Assets.xcassets; sourceTree = "<group>"; };
		3F6806A229CBBAF200B4F915 /* Base */ = {isa = PBXFileReference; lastKnownFileType = file.storyboard; name = Base; path = Base.lproj/LaunchScreen.storyboard; sourceTree = "<group>"; };
		3F6806A429CBBAF200B4F915 /* Info.plist */ = {isa = PBXFileReference; lastKnownFileType = text.plist.xml; path = Info.plist; sourceTree = "<group>"; };
		3F6806A929CBBAF200B4F915 /* FakeNFTTests.xctest */ = {isa = PBXFileReference; explicitFileType = wrapper.cfbundle; includeInIndex = 0; path = FakeNFTTests.xctest; sourceTree = BUILT_PRODUCTS_DIR; };
		3F6806AD29CBBAF200B4F915 /* ExampleUnitTests.swift */ = {isa = PBXFileReference; lastKnownFileType = sourcecode.swift; path = ExampleUnitTests.swift; sourceTree = "<group>"; };
		3F6806B329CBBAF200B4F915 /* FakeNFTUITests.xctest */ = {isa = PBXFileReference; explicitFileType = wrapper.cfbundle; includeInIndex = 0; path = FakeNFTUITests.xctest; sourceTree = BUILT_PRODUCTS_DIR; };
		3F6806B729CBBAF200B4F915 /* FakeNFTUITests.swift */ = {isa = PBXFileReference; lastKnownFileType = sourcecode.swift; path = FakeNFTUITests.swift; sourceTree = "<group>"; };
		3F6806D029CBBE6B00B4F915 /* NetworkClient.swift */ = {isa = PBXFileReference; lastKnownFileType = sourcecode.swift; path = NetworkClient.swift; sourceTree = "<group>"; };
		3F6806D229CBBE9600B4F915 /* NetworkRequest.swift */ = {isa = PBXFileReference; lastKnownFileType = sourcecode.swift; path = NetworkRequest.swift; sourceTree = "<group>"; };
		3F6806D429CBBEC700B4F915 /* NetworkTask.swift */ = {isa = PBXFileReference; lastKnownFileType = sourcecode.swift; path = NetworkTask.swift; sourceTree = "<group>"; };
		3F6806D629CBC50A00B4F915 /* CellsReusingUtils.swift */ = {isa = PBXFileReference; lastKnownFileType = sourcecode.swift; path = CellsReusingUtils.swift; sourceTree = "<group>"; };
		3FC8C39029D2453B0081F015 /* ExampleRequest.swift */ = {isa = PBXFileReference; lastKnownFileType = sourcecode.swift; path = ExampleRequest.swift; sourceTree = "<group>"; };
		3FC8C39229D246BA0081F015 /* DateFormatters+Presets.swift */ = {isa = PBXFileReference; lastKnownFileType = sourcecode.swift; path = "DateFormatters+Presets.swift"; sourceTree = "<group>"; };
		BC0710EB2AEA424D00E817EE /* MockCurrency.swift */ = {isa = PBXFileReference; lastKnownFileType = sourcecode.swift; path = MockCurrency.swift; sourceTree = "<group>"; };
		BC0710EF2AEAFD3100E817EE /* CartFlowUITests.swift */ = {isa = PBXFileReference; lastKnownFileType = sourcecode.swift; path = CartFlowUITests.swift; sourceTree = "<group>"; };
		BC223BA92AF3EEC50003B547 /* Profile.swift */ = {isa = PBXFileReference; fileEncoding = 4; lastKnownFileType = sourcecode.swift; path = Profile.swift; sourceTree = "<group>"; };
		BC223BAD2AF3EEE90003B547 /* FavoritesNFTsCollectionViewCell.swift */ = {isa = PBXFileReference; fileEncoding = 4; lastKnownFileType = sourcecode.swift; path = FavoritesNFTsCollectionViewCell.swift; sourceTree = "<group>"; };
		BC223BAE2AF3EEE90003B547 /* FavoritesNFTsCollectionViewController.swift */ = {isa = PBXFileReference; fileEncoding = 4; lastKnownFileType = sourcecode.swift; path = FavoritesNFTsCollectionViewController.swift; sourceTree = "<group>"; };
		BC223BB02AF3EEE90003B547 /* MyNFTsTableViewController.swift */ = {isa = PBXFileReference; fileEncoding = 4; lastKnownFileType = sourcecode.swift; path = MyNFTsTableViewController.swift; sourceTree = "<group>"; };
		BC223BB12AF3EEE90003B547 /* MyNFTsTableViewCell.swift */ = {isa = PBXFileReference; fileEncoding = 4; lastKnownFileType = sourcecode.swift; path = MyNFTsTableViewCell.swift; sourceTree = "<group>"; };
		BC223BB32AF3EEE90003B547 /* NFTListType.swift */ = {isa = PBXFileReference; fileEncoding = 4; lastKnownFileType = sourcecode.swift; path = NFTListType.swift; sourceTree = "<group>"; };
		BC223BB42AF3EEE90003B547 /* ProfileInfo.swift */ = {isa = PBXFileReference; fileEncoding = 4; lastKnownFileType = sourcecode.swift; path = ProfileInfo.swift; sourceTree = "<group>"; };
		BC223BB62AF3EEE90003B547 /* UILablel+Extensions.swift */ = {isa = PBXFileReference; fileEncoding = 4; lastKnownFileType = sourcecode.swift; path = "UILablel+Extensions.swift"; sourceTree = "<group>"; };
		BC223BB82AF3EEE90003B547 /* ProfileService.swift */ = {isa = PBXFileReference; fileEncoding = 4; lastKnownFileType = sourcecode.swift; path = ProfileService.swift; sourceTree = "<group>"; };
		BC223BB92AF3EEE90003B547 /* ProfileViewController.swift */ = {isa = PBXFileReference; fileEncoding = 4; lastKnownFileType = sourcecode.swift; path = ProfileViewController.swift; sourceTree = "<group>"; };
		BC223BBA2AF3EEE90003B547 /* ProfileEditingViewController.swift */ = {isa = PBXFileReference; fileEncoding = 4; lastKnownFileType = sourcecode.swift; path = ProfileEditingViewController.swift; sourceTree = "<group>"; };
		BC223BBB2AF3EEE90003B547 /* ProfileViewModel.swift */ = {isa = PBXFileReference; fileEncoding = 4; lastKnownFileType = sourcecode.swift; path = ProfileViewModel.swift; sourceTree = "<group>"; };
		BC2C529E2AD5C9CE0066C940 /* SF-Pro-Text-Medium.otf */ = {isa = PBXFileReference; lastKnownFileType = file; path = "SF-Pro-Text-Medium.otf"; sourceTree = "<group>"; };
		BC2C529F2AD5C9CE0066C940 /* SF-Pro-Text-Bold.otf */ = {isa = PBXFileReference; lastKnownFileType = file; path = "SF-Pro-Text-Bold.otf"; sourceTree = "<group>"; };
		BC2C52A02AD5C9CE0066C940 /* SF-Pro-Text-Regular.otf */ = {isa = PBXFileReference; lastKnownFileType = file; path = "SF-Pro-Text-Regular.otf"; sourceTree = "<group>"; };
		BC2C84CF2ADC7917006C4E91 /* Observable.swift */ = {isa = PBXFileReference; lastKnownFileType = sourcecode.swift; path = Observable.swift; sourceTree = "<group>"; };
		BC2C84D12ADDA32B006C4E91 /* DeleteConfirmationViewController.swift */ = {isa = PBXFileReference; lastKnownFileType = sourcecode.swift; path = DeleteConfirmationViewController.swift; sourceTree = "<group>"; };
		BC2C84D32ADEF2E3006C4E91 /* CurrencyCell.swift */ = {isa = PBXFileReference; lastKnownFileType = sourcecode.swift; path = CurrencyCell.swift; sourceTree = "<group>"; };
		BC2C84D52ADF1503006C4E91 /* MakePaymentView.swift */ = {isa = PBXFileReference; lastKnownFileType = sourcecode.swift; path = MakePaymentView.swift; sourceTree = "<group>"; };
		BC2C84D72ADF26A6006C4E91 /* CheckoutViewModel.swift */ = {isa = PBXFileReference; lastKnownFileType = sourcecode.swift; path = CheckoutViewModel.swift; sourceTree = "<group>"; };
		BC35DED02AD9B116008C252D /* OrderAndPaymentService.swift */ = {isa = PBXFileReference; lastKnownFileType = sourcecode.swift; path = OrderAndPaymentService.swift; sourceTree = "<group>"; };
		BC62576E2ADC4AC100E3E0F9 /* CheckoutViewController.swift */ = {isa = PBXFileReference; lastKnownFileType = sourcecode.swift; path = CheckoutViewController.swift; sourceTree = "<group>"; };
		BC6257702ADC4B0B00E3E0F9 /* CartFlowRouter.swift */ = {isa = PBXFileReference; lastKnownFileType = sourcecode.swift; path = CartFlowRouter.swift; sourceTree = "<group>"; };
		BC7058802AF03BFD005C3D54 /* ExtensionUITabBar.swift */ = {isa = PBXFileReference; lastKnownFileType = sourcecode.swift; path = ExtensionUITabBar.swift; sourceTree = "<group>"; };
		BC7058822AF03C76005C3D54 /* ExtensionUINavigationBar.swift */ = {isa = PBXFileReference; lastKnownFileType = sourcecode.swift; path = ExtensionUINavigationBar.swift; sourceTree = "<group>"; };
		BC94054B2AE6D2E700786D84 /* CartFlowDecomposition.md */ = {isa = PBXFileReference; fileEncoding = 4; lastKnownFileType = net.daringfireball.markdown; path = CartFlowDecomposition.md; sourceTree = "<group>"; };
		BC94054E2AE6E6DC00786D84 /* CartViewModelTests.swift */ = {isa = PBXFileReference; lastKnownFileType = sourcecode.swift; path = CartViewModelTests.swift; sourceTree = "<group>"; };
		BC9405532AE99B6400786D84 /* MockOrder.swift */ = {isa = PBXFileReference; lastKnownFileType = sourcecode.swift; path = MockOrder.swift; sourceTree = "<group>"; };
		BC9405552AE99BAF00786D84 /* OrderServiceSpy.swift */ = {isa = PBXFileReference; lastKnownFileType = sourcecode.swift; path = OrderServiceSpy.swift; sourceTree = "<group>"; };
		BC9405572AE99CF200786D84 /* CartFlowRouterSpy.swift */ = {isa = PBXFileReference; lastKnownFileType = sourcecode.swift; path = CartFlowRouterSpy.swift; sourceTree = "<group>"; };
		BC9405592AE9B7C800786D84 /* CheckoutViewModelTests.swift */ = {isa = PBXFileReference; lastKnownFileType = sourcecode.swift; path = CheckoutViewModelTests.swift; sourceTree = "<group>"; };
		BC94055B2AE9BF6B00786D84 /* CheckoutServiceSpy.swift */ = {isa = PBXFileReference; lastKnownFileType = sourcecode.swift; path = CheckoutServiceSpy.swift; sourceTree = "<group>"; };
		BC986C022AE57DB200E17267 /* OrderAndPaymentRequests.swift */ = {isa = PBXFileReference; lastKnownFileType = sourcecode.swift; path = OrderAndPaymentRequests.swift; sourceTree = "<group>"; };
		BC986C092AE5986000E17267 /* WebViewController.swift */ = {isa = PBXFileReference; fileEncoding = 4; lastKnownFileType = sourcecode.swift; path = WebViewController.swift; sourceTree = "<group>"; };
		BC986C0A2AE5986000E17267 /* WebViewModel.swift */ = {isa = PBXFileReference; fileEncoding = 4; lastKnownFileType = sourcecode.swift; path = WebViewModel.swift; sourceTree = "<group>"; };
		BC986C152AE5A02D00E17267 /* PaymentSuccessViewController.swift */ = {isa = PBXFileReference; lastKnownFileType = sourcecode.swift; path = PaymentSuccessViewController.swift; sourceTree = "<group>"; };
		BCA4A6182AEB952000B31E14 /* CartFlow.strings */ = {isa = PBXFileReference; lastKnownFileType = text.plist.strings; path = CartFlow.strings; sourceTree = "<group>"; };
		BCABD6A62AE194FE00B1C2C4 /* GenericButton.swift */ = {isa = PBXFileReference; lastKnownFileType = sourcecode.swift; path = GenericButton.swift; sourceTree = "<group>"; };
		BCABD6A82AE1951500B1C2C4 /* CornerRadius.swift */ = {isa = PBXFileReference; lastKnownFileType = sourcecode.swift; path = CornerRadius.swift; sourceTree = "<group>"; };
		BCB1DDFA2AD7080D002ED041 /* CartViewController.swift */ = {isa = PBXFileReference; lastKnownFileType = sourcecode.swift; path = CartViewController.swift; sourceTree = "<group>"; };
		BCB1DDFC2AD70867002ED041 /* CartItemCell.swift */ = {isa = PBXFileReference; lastKnownFileType = sourcecode.swift; path = CartItemCell.swift; sourceTree = "<group>"; };
		BCB1DDFE2AD70B0D002ED041 /* CartViewModel.swift */ = {isa = PBXFileReference; lastKnownFileType = sourcecode.swift; path = CartViewModel.swift; sourceTree = "<group>"; };
		BCB1DE002AD70B37002ED041 /* CartTotalView.swift */ = {isa = PBXFileReference; lastKnownFileType = sourcecode.swift; path = CartTotalView.swift; sourceTree = "<group>"; };
		BCB1DE022AD7108A002ED041 /* RatingView.swift */ = {isa = PBXFileReference; lastKnownFileType = sourcecode.swift; path = RatingView.swift; sourceTree = "<group>"; };
		BCBC66772AF1659600B44DE9 /* SceneDelegate.swift */ = {isa = PBXFileReference; fileEncoding = 4; lastKnownFileType = sourcecode.swift; path = SceneDelegate.swift; sourceTree = "<group>"; };
		FA1391422AE96A5C00EBE30A /* UsersCollectionViewController.swift */ = {isa = PBXFileReference; lastKnownFileType = sourcecode.swift; path = UsersCollectionViewController.swift; sourceTree = "<group>"; };
		FA1391442AE96AA300EBE30A /* NFTCell.swift */ = {isa = PBXFileReference; lastKnownFileType = sourcecode.swift; path = NFTCell.swift; sourceTree = "<group>"; };
		FA1391462AE96DCC00EBE30A /* UsersCollectionViewModel.swift */ = {isa = PBXFileReference; lastKnownFileType = sourcecode.swift; path = UsersCollectionViewModel.swift; sourceTree = "<group>"; };
		FA1391482AE96E0F00EBE30A /* UsersCollectionService.swift */ = {isa = PBXFileReference; lastKnownFileType = sourcecode.swift; path = UsersCollectionService.swift; sourceTree = "<group>"; };
		FA13914A2AE96F9400EBE30A /* TempRatingStackView.swift */ = {isa = PBXFileReference; lastKnownFileType = sourcecode.swift; path = TempRatingStackView.swift; sourceTree = "<group>"; };
		FA6CC9D62AD5A7C000DC5406 /* UserViewCell.swift */ = {isa = PBXFileReference; lastKnownFileType = sourcecode.swift; path = UserViewCell.swift; sourceTree = "<group>"; };
		FA6CC9D82AD5A80900DC5406 /* UserViewCellViewModel.swift */ = {isa = PBXFileReference; lastKnownFileType = sourcecode.swift; path = UserViewCellViewModel.swift; sourceTree = "<group>"; };
		FAE0C0932AD6F378000AD7B3 /* StatisticsViewController.swift */ = {isa = PBXFileReference; lastKnownFileType = sourcecode.swift; path = StatisticsViewController.swift; sourceTree = "<group>"; };
		FAE0C0952AD6F3BC000AD7B3 /* StatisticsViewModel.swift */ = {isa = PBXFileReference; lastKnownFileType = sourcecode.swift; path = StatisticsViewModel.swift; sourceTree = "<group>"; };
		FAE0C0972AD6F3EA000AD7B3 /* StatisticsService.swift */ = {isa = PBXFileReference; lastKnownFileType = sourcecode.swift; path = StatisticsService.swift; sourceTree = "<group>"; };
		FAE0C09B2AD6FFAF000AD7B3 /* MainTabBarViewController.swift */ = {isa = PBXFileReference; lastKnownFileType = sourcecode.swift; path = MainTabBarViewController.swift; sourceTree = "<group>"; };
		FAF290B62ADD90C300DA3258 /* UserCardViewController.swift */ = {isa = PBXFileReference; lastKnownFileType = sourcecode.swift; path = UserCardViewController.swift; sourceTree = "<group>"; };
		FAF290B82ADD974E00DA3258 /* UserCardViewModel.swift */ = {isa = PBXFileReference; lastKnownFileType = sourcecode.swift; path = UserCardViewModel.swift; sourceTree = "<group>"; };
		FAF290BA2ADD978F00DA3258 /* UserCardService.swift */ = {isa = PBXFileReference; lastKnownFileType = sourcecode.swift; path = UserCardService.swift; sourceTree = "<group>"; };
/* End PBXFileReference section */

/* Begin PBXFrameworksBuildPhase section */
		3F68069029CBBAF100B4F915 /* Frameworks */ = {
			isa = PBXFrameworksBuildPhase;
			buildActionMask = 2147483647;
			files = (
				3F603CD029DB4A74000C43D7 /* Kingfisher in Frameworks */,
				3F603CCD29DB4A53000C43D7 /* ProgressHUD in Frameworks */,
			);
			runOnlyForDeploymentPostprocessing = 0;
		};
		3F6806A629CBBAF200B4F915 /* Frameworks */ = {
			isa = PBXFrameworksBuildPhase;
			buildActionMask = 2147483647;
			files = (
			);
			runOnlyForDeploymentPostprocessing = 0;
		};
		3F6806B029CBBAF200B4F915 /* Frameworks */ = {
			isa = PBXFrameworksBuildPhase;
			buildActionMask = 2147483647;
			files = (
			);
			runOnlyForDeploymentPostprocessing = 0;
		};
/* End PBXFrameworksBuildPhase section */

/* Begin PBXGroup section */
		318C0CA62AE584A700FF0270 /* CollectionItem */ = {
			isa = PBXGroup;
			children = (
				318C0CA72AE584DB00FF0270 /* CollectionItemViewController.swift */,
			);
			path = CollectionItem;
			sourceTree = "<group>";
		};
		31994A9C2AD53A0B00B57E7B /* Helpers */ = {
			isa = PBXGroup;
			children = (
				31994A9F2AD53AAA00B57E7B /* UIBlockingProgressHUD.swift */,
				31994ACF2ADA9C4100B57E7B /* String+Extensions.swift */,
				31958C1E2ADF0A5D00824EA4 /* Float+Extensions.swift */,
				FA13914A2AE96F9400EBE30A /* TempRatingStackView.swift */,
			);
			path = Helpers;
			sourceTree = "<group>";
		};
		31994AB12AD57B5200B57E7B /* Catalog */ = {
			isa = PBXGroup;
			children = (
				31994AB22AD57B6B00B57E7B /* CatalogViewModel.swift */,
				31994AB42AD57B8800B57E7B /* CatalogViewController.swift */,
				31994AB62AD57BB100B57E7B /* CatalogTableViewCell.swift */,
				31994AD12ADAA85600B57E7B /* SortCollections.swift */,
				31994AC02AD5B81C00B57E7B /* Collection */,
			);
			path = Catalog;
			sourceTree = "<group>";
		};
		31994AC02AD5B81C00B57E7B /* Collection */ = {
			isa = PBXGroup;
			children = (
				31994AC12AD67AC200B57E7B /* CollectionViewController.swift */,
				31994AC32AD67ADA00B57E7B /* CollectionViewModel.swift */,
				31994AC52AD6818D00B57E7B /* ImageCollectionViewCell.swift */,
				31994AC72AD6821F00B57E7B /* DescriptionCollectionViewCell.swift */,
				31994AC92AD6825900B57E7B /* NFTCollectionViewCell.swift */,
				31994ACD2ADA8FC800B57E7B /* CollectionNFTSection.swift */,
				318C0CA22AE0082300FF0270 /* CollectionShortModel.swift */,
				318C0CA42AE57BF700FF0270 /* WebViewView.swift */,
				314558232AEEE57F0014DB0A /* CollectionRatingStackView.swift */,
				318C0CA62AE584A700FF0270 /* CollectionItem */,
			);
			path = Collection;
			sourceTree = "<group>";
		};
		3F478ECD29DB473000F6D39E /* DesignSystem */ = {
			isa = PBXGroup;
			children = (
				BC2C52AA2AD5C9E40066C940 /* Fonts */,
				3F478ECE29DB474E00F6D39E /* Colors.swift */,
				BCB1DE022AD7108A002ED041 /* RatingView.swift */,
				BCABD6A62AE194FE00B1C2C4 /* GenericButton.swift */,
				BCABD6A82AE1951500B1C2C4 /* CornerRadius.swift */,
				BC7058802AF03BFD005C3D54 /* ExtensionUITabBar.swift */,
				BC7058822AF03C76005C3D54 /* ExtensionUINavigationBar.swift */,
			);
			path = DesignSystem;
			sourceTree = "<group>";
		};
		3F68068A29CBBAF100B4F915 = {
			isa = PBXGroup;
			children = (
				3F68069529CBBAF100B4F915 /* FakeNFT */,
				31994A9C2AD53A0B00B57E7B /* Helpers */,
				3F6806AC29CBBAF200B4F915 /* FakeNFTTests */,
				3F6806B629CBBAF200B4F915 /* FakeNFTUITests */,
				3F68069429CBBAF100B4F915 /* Products */,
			);
			sourceTree = "<group>";
		};
		3F68069429CBBAF100B4F915 /* Products */ = {
			isa = PBXGroup;
			children = (
				3F68069329CBBAF100B4F915 /* FakeNFT.app */,
				3F6806A929CBBAF200B4F915 /* FakeNFTTests.xctest */,
				3F6806B329CBBAF200B4F915 /* FakeNFTUITests.xctest */,
			);
			name = Products;
			sourceTree = "<group>";
		};
		3F68069529CBBAF100B4F915 /* FakeNFT */ = {
			isa = PBXGroup;
			children = (
				BC223BAB2AF3EEE90003B547 /* ProfileModule */,
				3F68069629CBBAF100B4F915 /* AppDelegate.swift */,
				BCBC66772AF1659600B44DE9 /* SceneDelegate.swift */,
				FAE0C09B2AD6FFAF000AD7B3 /* MainTabBarViewController.swift */,
				BC9405492AE6D2E700786D84 /* Decomposition */,
				BC986C0D2AE5986A00E17267 /* WebView */,
				BCB1DDF92AD707DD002ED041 /* CartFlow */,
				3F478ECD29DB473000F6D39E /* DesignSystem */,
				3F6806CE29CBBD1B00B4F915 /* Foundation */,
				3F6806C929CBBCAF00B4F915 /* Models */,
				FA6CC9D42AD5A56D00DC5406 /* Statistics */,
				3F6806C729CBBC5B00B4F915 /* Scenes  */,
				3F6806C629CBBC4E00B4F915 /* Services */,
				3F68069F29CBBAF200B4F915 /* Assets.xcassets */,
				BCA4A6182AEB952000B31E14 /* CartFlow.strings */,
				3F6806A129CBBAF200B4F915 /* LaunchScreen.storyboard */,
				3F6806A429CBBAF200B4F915 /* Info.plist */,
				31994AD52ADAE1DD00B57E7B /* kruchenkov_catalog.md */,
			);
			path = FakeNFT;
			sourceTree = "<group>";
		};
		3F6806AC29CBBAF200B4F915 /* FakeNFTTests */ = {
			isa = PBXGroup;
			children = (
				BC9405522AE99B4D00786D84 /* CartFlowTests */,
				3F6806AD29CBBAF200B4F915 /* ExampleUnitTests.swift */,
			);
			path = FakeNFTTests;
			sourceTree = "<group>";
		};
		3F6806B629CBBAF200B4F915 /* FakeNFTUITests */ = {
			isa = PBXGroup;
			children = (
				BC0710F12AEAFD4500E817EE /* CartFlowUITests */,
				3F6806B729CBBAF200B4F915 /* FakeNFTUITests.swift */,
			);
			path = FakeNFTUITests;
			sourceTree = "<group>";
		};
		3F6806C629CBBC4E00B4F915 /* Services */ = {
			isa = PBXGroup;
			children = (
				3FC8C38F29D245250081F015 /* Requests */,
				BC35DED02AD9B116008C252D /* OrderAndPaymentService.swift */,
			);
			path = Services;
			sourceTree = "<group>";
		};
		3F6806C729CBBC5B00B4F915 /* Scenes  */ = {
			isa = PBXGroup;
			children = (
				31994AB12AD57B5200B57E7B /* Catalog */,
			);
			path = "Scenes ";
			sourceTree = "<group>";
		};
		3F6806C929CBBCAF00B4F915 /* Models */ = {
			isa = PBXGroup;
			children = (
				BC223BA92AF3EEC50003B547 /* Profile.swift */,
				31994A952AD486B800B57E7B /* Config.swift */,
				31994A972AD487AB00B57E7B /* Collection.swift */,
				31994AA32AD53E8700B57E7B /* ItemNFT.swift */,
				31994AA52AD5423F00B57E7B /* Order.swift */,
				31994AA72AD544F500B57E7B /* Currency.swift */,
				31994AA92AD545D400B57E7B /* OrderPaymentStatus.swift */,
				31994AAB2AD5460500B57E7B /* User.swift */,
			);
			path = Models;
			sourceTree = "<group>";
		};
		3F6806CE29CBBD1B00B4F915 /* Foundation */ = {
			isa = PBXGroup;
			children = (
				3F6806CF29CBBDB100B4F915 /* NetworkClient */,
				3F6806D629CBC50A00B4F915 /* CellsReusingUtils.swift */,
				3FC8C39229D246BA0081F015 /* DateFormatters+Presets.swift */,
			);
			path = Foundation;
			sourceTree = "<group>";
		};
		3F6806CF29CBBDB100B4F915 /* NetworkClient */ = {
			isa = PBXGroup;
			children = (
				3F6806D029CBBE6B00B4F915 /* NetworkClient.swift */,
				3F6806D229CBBE9600B4F915 /* NetworkRequest.swift */,
				3F6806D429CBBEC700B4F915 /* NetworkTask.swift */,
			);
			path = NetworkClient;
			sourceTree = "<group>";
		};
		3FC8C38F29D245250081F015 /* Requests */ = {
			isa = PBXGroup;
			children = (
				3FC8C39029D2453B0081F015 /* ExampleRequest.swift */,
				BC986C022AE57DB200E17267 /* OrderAndPaymentRequests.swift */,
				31994AD32ADAAB7700B57E7B /* CollectionRequest.swift */,
				31958C182ADEE8C600824EA4 /* ProfileUpdateDTO.swift */,
				31958C1A2ADEE8EF00824EA4 /* OrderUpdateDTO.swift */,
			);
			path = Requests;
			sourceTree = "<group>";
		};
		BC0710F12AEAFD4500E817EE /* CartFlowUITests */ = {
			isa = PBXGroup;
			children = (
				BC0710EF2AEAFD3100E817EE /* CartFlowUITests.swift */,
			);
			path = CartFlowUITests;
			sourceTree = "<group>";
		};
		BC223BAB2AF3EEE90003B547 /* ProfileModule */ = {
			isa = PBXGroup;
			children = (
				BC223BAC2AF3EEE90003B547 /* FavoritesNFTs */,
				BC223BAF2AF3EEE90003B547 /* MyNFTs */,
				BC223BB22AF3EEE90003B547 /* Enums */,
				BC223BB52AF3EEE90003B547 /* Extensions */,
				BC223BB72AF3EEE90003B547 /* Profile */,
			);
			path = ProfileModule;
			sourceTree = "<group>";
		};
		BC223BAC2AF3EEE90003B547 /* FavoritesNFTs */ = {
			isa = PBXGroup;
			children = (
				BC223BAD2AF3EEE90003B547 /* FavoritesNFTsCollectionViewCell.swift */,
				BC223BAE2AF3EEE90003B547 /* FavoritesNFTsCollectionViewController.swift */,
			);
			path = FavoritesNFTs;
			sourceTree = "<group>";
		};
		BC223BAF2AF3EEE90003B547 /* MyNFTs */ = {
			isa = PBXGroup;
			children = (
				BC223BB02AF3EEE90003B547 /* MyNFTsTableViewController.swift */,
				BC223BB12AF3EEE90003B547 /* MyNFTsTableViewCell.swift */,
			);
			path = MyNFTs;
			sourceTree = "<group>";
		};
		BC223BB22AF3EEE90003B547 /* Enums */ = {
			isa = PBXGroup;
			children = (
				BC223BB32AF3EEE90003B547 /* NFTListType.swift */,
				BC223BB42AF3EEE90003B547 /* ProfileInfo.swift */,
			);
			path = Enums;
			sourceTree = "<group>";
		};
		BC223BB52AF3EEE90003B547 /* Extensions */ = {
			isa = PBXGroup;
			children = (
				BC223BB62AF3EEE90003B547 /* UILablel+Extensions.swift */,
			);
			path = Extensions;
			sourceTree = "<group>";
		};
		BC223BB72AF3EEE90003B547 /* Profile */ = {
			isa = PBXGroup;
			children = (
				BC223BB82AF3EEE90003B547 /* ProfileService.swift */,
				BC223BB92AF3EEE90003B547 /* ProfileViewController.swift */,
				BC223BBA2AF3EEE90003B547 /* ProfileEditingViewController.swift */,
				BC223BBB2AF3EEE90003B547 /* ProfileViewModel.swift */,
			);
			path = Profile;
			sourceTree = "<group>";
		};
		BC2C52AA2AD5C9E40066C940 /* Fonts */ = {
			isa = PBXGroup;
			children = (
				3F478ED029DB476500F6D39E /* Fonts.swift */,
				BC2C529F2AD5C9CE0066C940 /* SF-Pro-Text-Bold.otf */,
				BC2C529E2AD5C9CE0066C940 /* SF-Pro-Text-Medium.otf */,
				BC2C52A02AD5C9CE0066C940 /* SF-Pro-Text-Regular.otf */,
			);
			path = Fonts;
			sourceTree = "<group>";
		};
		BC2C84CD2ADC78A3006C4E91 /* CartView */ = {
			isa = PBXGroup;
			children = (
				BCB1DDFA2AD7080D002ED041 /* CartViewController.swift */,
				BCB1DDFE2AD70B0D002ED041 /* CartViewModel.swift */,
				BCB1DDFC2AD70867002ED041 /* CartItemCell.swift */,
				BCB1DE002AD70B37002ED041 /* CartTotalView.swift */,
				BC2C84D12ADDA32B006C4E91 /* DeleteConfirmationViewController.swift */,
			);
			path = CartView;
			sourceTree = "<group>";
		};
		BC2C84CE2ADC78AE006C4E91 /* CheckoutView */ = {
			isa = PBXGroup;
			children = (
				BC62576E2ADC4AC100E3E0F9 /* CheckoutViewController.swift */,
				BC2C84D32ADEF2E3006C4E91 /* CurrencyCell.swift */,
				BC2C84D52ADF1503006C4E91 /* MakePaymentView.swift */,
				BC2C84D72ADF26A6006C4E91 /* CheckoutViewModel.swift */,
				BC986C152AE5A02D00E17267 /* PaymentSuccessViewController.swift */,
			);
			path = CheckoutView;
			sourceTree = "<group>";
		};
		BC9405492AE6D2E700786D84 /* Decomposition */ = {
			isa = PBXGroup;
			children = (
				BC94054B2AE6D2E700786D84 /* CartFlowDecomposition.md */,
			);
			path = Decomposition;
			sourceTree = SOURCE_ROOT;
		};
		BC9405522AE99B4D00786D84 /* CartFlowTests */ = {
			isa = PBXGroup;
			children = (
				BC94054E2AE6E6DC00786D84 /* CartViewModelTests.swift */,
				BC9405592AE9B7C800786D84 /* CheckoutViewModelTests.swift */,
				BC9405532AE99B6400786D84 /* MockOrder.swift */,
				BC9405572AE99CF200786D84 /* CartFlowRouterSpy.swift */,
				BC9405552AE99BAF00786D84 /* OrderServiceSpy.swift */,
				BC94055B2AE9BF6B00786D84 /* CheckoutServiceSpy.swift */,
				BC0710EB2AEA424D00E817EE /* MockCurrency.swift */,
			);
			path = CartFlowTests;
			sourceTree = "<group>";
		};
		BC986C0D2AE5986A00E17267 /* WebView */ = {
			isa = PBXGroup;
			children = (
				BC986C092AE5986000E17267 /* WebViewController.swift */,
				BC986C0A2AE5986000E17267 /* WebViewModel.swift */,
			);
			path = WebView;
			sourceTree = "<group>";
		};
		BCB1DDF92AD707DD002ED041 /* CartFlow */ = {
			isa = PBXGroup;
			children = (
				BC2C84CF2ADC7917006C4E91 /* Observable.swift */,
				BC6257702ADC4B0B00E3E0F9 /* CartFlowRouter.swift */,
				BC2C84CE2ADC78AE006C4E91 /* CheckoutView */,
				BC2C84CD2ADC78A3006C4E91 /* CartView */,
			);
			path = CartFlow;
			sourceTree = "<group>";
		};
		FA6CC9D42AD5A56D00DC5406 /* Statistics */ = {
			isa = PBXGroup;
			children = (
				FAE0C0932AD6F378000AD7B3 /* StatisticsViewController.swift */,
				FAE0C0952AD6F3BC000AD7B3 /* StatisticsViewModel.swift */,
				FAE0C0972AD6F3EA000AD7B3 /* StatisticsService.swift */,
				FA6CC9D52AD5A74900DC5406 /* StatisticsViewCell */,
				FAF290B62ADD90C300DA3258 /* UserCardViewController.swift */,
				FAF290B82ADD974E00DA3258 /* UserCardViewModel.swift */,
				FAF290BA2ADD978F00DA3258 /* UserCardService.swift */,
				FA1391422AE96A5C00EBE30A /* UsersCollectionViewController.swift */,
				FA1391462AE96DCC00EBE30A /* UsersCollectionViewModel.swift */,
				FA1391482AE96E0F00EBE30A /* UsersCollectionService.swift */,
				FA1391442AE96AA300EBE30A /* NFTCell.swift */,
			);
			path = Statistics;
			sourceTree = "<group>";
		};
		FA6CC9D52AD5A74900DC5406 /* StatisticsViewCell */ = {
			isa = PBXGroup;
			children = (
				FA6CC9D62AD5A7C000DC5406 /* UserViewCell.swift */,
				FA6CC9D82AD5A80900DC5406 /* UserViewCellViewModel.swift */,
			);
			path = StatisticsViewCell;
			sourceTree = "<group>";
		};
/* End PBXGroup section */

/* Begin PBXNativeTarget section */
		3F68069229CBBAF100B4F915 /* FakeNFT */ = {
			isa = PBXNativeTarget;
			buildConfigurationList = 3F6806BD29CBBAF200B4F915 /* Build configuration list for PBXNativeTarget "FakeNFT" */;
			buildPhases = (
				3F68068F29CBBAF100B4F915 /* Sources */,
				3F68069029CBBAF100B4F915 /* Frameworks */,
				3F68069129CBBAF100B4F915 /* Resources */,
			);
			buildRules = (
			);
			dependencies = (
			);
			name = FakeNFT;
			packageProductDependencies = (
				3F603CCC29DB4A53000C43D7 /* ProgressHUD */,
				3F603CCF29DB4A74000C43D7 /* Kingfisher */,
			);
			productName = FakeNFT;
			productReference = 3F68069329CBBAF100B4F915 /* FakeNFT.app */;
			productType = "com.apple.product-type.application";
		};
		3F6806A829CBBAF200B4F915 /* FakeNFTTests */ = {
			isa = PBXNativeTarget;
			buildConfigurationList = 3F6806C029CBBAF200B4F915 /* Build configuration list for PBXNativeTarget "FakeNFTTests" */;
			buildPhases = (
				3F6806A529CBBAF200B4F915 /* Sources */,
				3F6806A629CBBAF200B4F915 /* Frameworks */,
				3F6806A729CBBAF200B4F915 /* Resources */,
			);
			buildRules = (
			);
			dependencies = (
				3F6806AB29CBBAF200B4F915 /* PBXTargetDependency */,
			);
			name = FakeNFTTests;
			productName = FakeNFTTests;
			productReference = 3F6806A929CBBAF200B4F915 /* FakeNFTTests.xctest */;
			productType = "com.apple.product-type.bundle.unit-test";
		};
		3F6806B229CBBAF200B4F915 /* FakeNFTUITests */ = {
			isa = PBXNativeTarget;
			buildConfigurationList = 3F6806C329CBBAF200B4F915 /* Build configuration list for PBXNativeTarget "FakeNFTUITests" */;
			buildPhases = (
				3F6806AF29CBBAF200B4F915 /* Sources */,
				3F6806B029CBBAF200B4F915 /* Frameworks */,
				3F6806B129CBBAF200B4F915 /* Resources */,
			);
			buildRules = (
			);
			dependencies = (
				3F6806B529CBBAF200B4F915 /* PBXTargetDependency */,
			);
			name = FakeNFTUITests;
			productName = FakeNFTUITests;
			productReference = 3F6806B329CBBAF200B4F915 /* FakeNFTUITests.xctest */;
			productType = "com.apple.product-type.bundle.ui-testing";
		};
/* End PBXNativeTarget section */

/* Begin PBXProject section */
		3F68068B29CBBAF100B4F915 /* Project object */ = {
			isa = PBXProject;
			attributes = {
				BuildIndependentTargetsInParallel = 1;
				LastSwiftUpdateCheck = 1420;
				LastUpgradeCheck = 1500;
				TargetAttributes = {
					3F68069229CBBAF100B4F915 = {
						CreatedOnToolsVersion = 14.2;
					};
					3F6806A829CBBAF200B4F915 = {
						CreatedOnToolsVersion = 14.2;
						TestTargetID = 3F68069229CBBAF100B4F915;
					};
					3F6806B229CBBAF200B4F915 = {
						CreatedOnToolsVersion = 14.2;
						TestTargetID = 3F68069229CBBAF100B4F915;
					};
				};
			};
			buildConfigurationList = 3F68068E29CBBAF100B4F915 /* Build configuration list for PBXProject "FakeNFT" */;
			compatibilityVersion = "Xcode 14.0";
			developmentRegion = en;
			hasScannedForEncodings = 0;
			knownRegions = (
				en,
				Base,
			);
			mainGroup = 3F68068A29CBBAF100B4F915;
			packageReferences = (
				3F603CCB29DB4A53000C43D7 /* XCRemoteSwiftPackageReference "ProgressHUD" */,
				3F603CCE29DB4A74000C43D7 /* XCRemoteSwiftPackageReference "Kingfisher" */,
			);
			productRefGroup = 3F68069429CBBAF100B4F915 /* Products */;
			projectDirPath = "";
			projectRoot = "";
			targets = (
				3F68069229CBBAF100B4F915 /* FakeNFT */,
				3F6806A829CBBAF200B4F915 /* FakeNFTTests */,
				3F6806B229CBBAF200B4F915 /* FakeNFTUITests */,
			);
		};
/* End PBXProject section */

/* Begin PBXResourcesBuildPhase section */
		3F68069129CBBAF100B4F915 /* Resources */ = {
			isa = PBXResourcesBuildPhase;
			buildActionMask = 2147483647;
			files = (
				3FC8C39729D24D9D0081F015 /* (null) in Resources */,
				3F6806A329CBBAF200B4F915 /* LaunchScreen.storyboard in Resources */,
				BCA4A6192AEB952000B31E14 /* CartFlow.strings in Resources */,
				BC2C52A42AD5C9CE0066C940 /* SF-Pro-Text-Bold.otf in Resources */,
				3F6806A029CBBAF200B4F915 /* Assets.xcassets in Resources */,
				BC2C52A12AD5C9CE0066C940 /* SF-Pro-Text-Medium.otf in Resources */,
				BC94054D2AE6D2E800786D84 /* CartFlowDecomposition.md in Resources */,
				BC2C52A72AD5C9CE0066C940 /* SF-Pro-Text-Regular.otf in Resources */,
			);
			runOnlyForDeploymentPostprocessing = 0;
		};
		3F6806A729CBBAF200B4F915 /* Resources */ = {
			isa = PBXResourcesBuildPhase;
			buildActionMask = 2147483647;
			files = (
				BC2C52A22AD5C9CE0066C940 /* SF-Pro-Text-Medium.otf in Resources */,
				BC4C6CC02AD5C45D00693D4D /* Assets.xcassets in Resources */,
				BC2C52A82AD5C9CE0066C940 /* SF-Pro-Text-Regular.otf in Resources */,
				BC2C52A52AD5C9CE0066C940 /* SF-Pro-Text-Bold.otf in Resources */,
			);
			runOnlyForDeploymentPostprocessing = 0;
		};
		3F6806B129CBBAF200B4F915 /* Resources */ = {
			isa = PBXResourcesBuildPhase;
			buildActionMask = 2147483647;
			files = (
				BC2C52A32AD5C9CE0066C940 /* SF-Pro-Text-Medium.otf in Resources */,
				BC4C6CBF2AD5C45700693D4D /* Assets.xcassets in Resources */,
				BC2C52A92AD5C9CE0066C940 /* SF-Pro-Text-Regular.otf in Resources */,
				BC2C52A62AD5C9CE0066C940 /* SF-Pro-Text-Bold.otf in Resources */,
			);
			runOnlyForDeploymentPostprocessing = 0;
		};
/* End PBXResourcesBuildPhase section */

/* Begin PBXSourcesBuildPhase section */
		3F68068F29CBBAF100B4F915 /* Sources */ = {
			isa = PBXSourcesBuildPhase;
			buildActionMask = 2147483647;
			files = (
				BC2C84D82ADF26A6006C4E91 /* CheckoutViewModel.swift in Sources */,
				3FC8C38B29D242E90081F015 /* (null) in Sources */,
				31994AB52AD57B8800B57E7B /* CatalogViewController.swift in Sources */,
				3F478ECF29DB474E00F6D39E /* Colors.swift in Sources */,
				BCABD6A72AE194FE00B1C2C4 /* GenericButton.swift in Sources */,
				318C0CA32AE0082300FF0270 /* CollectionShortModel.swift in Sources */,
				31994AA62AD5423F00B57E7B /* Order.swift in Sources */,
				BCB1DE032AD7108A002ED041 /* RatingView.swift in Sources */,
				31994AC82AD6821F00B57E7B /* DescriptionCollectionViewCell.swift in Sources */,
				31994AAA2AD545D400B57E7B /* OrderPaymentStatus.swift in Sources */,
				3F478ED129DB476500F6D39E /* Fonts.swift in Sources */,
				BC2C84D42ADEF2E3006C4E91 /* CurrencyCell.swift in Sources */,
				31958C1B2ADEE8EF00824EA4 /* OrderUpdateDTO.swift in Sources */,
				BC986C162AE5A02D00E17267 /* PaymentSuccessViewController.swift in Sources */,
				BC35DED12AD9B116008C252D /* OrderAndPaymentService.swift in Sources */,
				31994AA42AD53E8700B57E7B /* ItemNFT.swift in Sources */,
				BC223BAA2AF3EEC50003B547 /* Profile.swift in Sources */,
				BC223BBD2AF3EEE90003B547 /* FavoritesNFTsCollectionViewController.swift in Sources */,
				BC223BC42AF3EEE90003B547 /* ProfileViewController.swift in Sources */,
				BC223BC02AF3EEE90003B547 /* NFTListType.swift in Sources */,
				FAE0C09C2AD6FFAF000AD7B3 /* MainTabBarViewController.swift in Sources */,
				31994A962AD486B800B57E7B /* Config.swift in Sources */,
				BCB1DE012AD70B37002ED041 /* CartTotalView.swift in Sources */,
				BCB1DDFB2AD7080D002ED041 /* CartViewController.swift in Sources */,
				31994AB32AD57B6B00B57E7B /* CatalogViewModel.swift in Sources */,
				31994AC62AD6818D00B57E7B /* ImageCollectionViewCell.swift in Sources */,
				31994AC42AD67ADA00B57E7B /* CollectionViewModel.swift in Sources */,
				BC223BC62AF3EEE90003B547 /* ProfileViewModel.swift in Sources */,
				BC223BBF2AF3EEE90003B547 /* MyNFTsTableViewCell.swift in Sources */,
				31994AC22AD67AC200B57E7B /* CollectionViewController.swift in Sources */,
				318C0CA82AE584DB00FF0270 /* CollectionItemViewController.swift in Sources */,
				FA6CC9D92AD5A80900DC5406 /* UserViewCellViewModel.swift in Sources */,
				31994A982AD487AB00B57E7B /* Collection.swift in Sources */,
				BC2C84D62ADF1503006C4E91 /* MakePaymentView.swift in Sources */,
				BC223BBE2AF3EEE90003B547 /* MyNFTsTableViewController.swift in Sources */,
				BC6257712ADC4B0B00E3E0F9 /* CartFlowRouter.swift in Sources */,
				FAE0C0982AD6F3EA000AD7B3 /* StatisticsService.swift in Sources */,
				FA1391492AE96E0F00EBE30A /* UsersCollectionService.swift in Sources */,
				3F6806D529CBBEC700B4F915 /* NetworkTask.swift in Sources */,
				BC223BC32AF3EEE90003B547 /* ProfileService.swift in Sources */,
				FAF290B92ADD974E00DA3258 /* UserCardViewModel.swift in Sources */,
				3F68069729CBBAF100B4F915 /* AppDelegate.swift in Sources */,
				BCB1DDFD2AD70867002ED041 /* CartItemCell.swift in Sources */,
				BC986C0C2AE5986000E17267 /* WebViewModel.swift in Sources */,
				31994ACA2AD6825900B57E7B /* NFTCollectionViewCell.swift in Sources */,
				31994AA82AD544F500B57E7B /* Currency.swift in Sources */,
				BCB1DDFF2AD70B0D002ED041 /* CartViewModel.swift in Sources */,
				BC986C032AE57DB200E17267 /* OrderAndPaymentRequests.swift in Sources */,
				314558242AEEE57F0014DB0A /* CollectionRatingStackView.swift in Sources */,
				BC223BC12AF3EEE90003B547 /* ProfileInfo.swift in Sources */,
				BC7058832AF03C76005C3D54 /* ExtensionUINavigationBar.swift in Sources */,
				BC223BBC2AF3EEE90003B547 /* FavoritesNFTsCollectionViewCell.swift in Sources */,
				31994AD42ADAAB7700B57E7B /* CollectionRequest.swift in Sources */,
				31958C1F2ADF0A5D00824EA4 /* Float+Extensions.swift in Sources */,
				FAF290BB2ADD978F00DA3258 /* UserCardService.swift in Sources */,
				FA1391452AE96AA300EBE30A /* NFTCell.swift in Sources */,
				FA1391432AE96A5C00EBE30A /* UsersCollectionViewController.swift in Sources */,
				FA6CC9D72AD5A7C000DC5406 /* UserViewCell.swift in Sources */,
				3FC8C39129D2453B0081F015 /* ExampleRequest.swift in Sources */,
				FAF290B72ADD90C300DA3258 /* UserCardViewController.swift in Sources */,
				FA13914B2AE96F9400EBE30A /* TempRatingStackView.swift in Sources */,
				FA1391472AE96DCC00EBE30A /* UsersCollectionViewModel.swift in Sources */,
				3F6806D729CBC50A00B4F915 /* CellsReusingUtils.swift in Sources */,
				3F6806D329CBBE9600B4F915 /* NetworkRequest.swift in Sources */,
				BC223BC22AF3EEE90003B547 /* UILablel+Extensions.swift in Sources */,
				BC223BC52AF3EEE90003B547 /* ProfileEditingViewController.swift in Sources */,
				31958C192ADEE8C600824EA4 /* ProfileUpdateDTO.swift in Sources */,
				3F6806D129CBBE6B00B4F915 /* NetworkClient.swift in Sources */,
				BC2C84D02ADC7917006C4E91 /* Observable.swift in Sources */,
				BC2C84D22ADDA32B006C4E91 /* DeleteConfirmationViewController.swift in Sources */,
				31994AD02ADA9C4100B57E7B /* String+Extensions.swift in Sources */,
				BCBC66782AF1659600B44DE9 /* SceneDelegate.swift in Sources */,
				31994ACE2ADA8FC800B57E7B /* CollectionNFTSection.swift in Sources */,
				31994AD22ADAA85600B57E7B /* SortCollections.swift in Sources */,
				318C0CA52AE57BF700FF0270 /* WebViewView.swift in Sources */,
				31994AB72AD57BB100B57E7B /* CatalogTableViewCell.swift in Sources */,
				31994AA02AD53AAA00B57E7B /* UIBlockingProgressHUD.swift in Sources */,
				BCABD6A92AE1951500B1C2C4 /* CornerRadius.swift in Sources */,
				BC62576F2ADC4AC100E3E0F9 /* CheckoutViewController.swift in Sources */,
				BC986C0B2AE5986000E17267 /* WebViewController.swift in Sources */,
				BC7058812AF03BFD005C3D54 /* ExtensionUITabBar.swift in Sources */,
				31994AAC2AD5460500B57E7B /* User.swift in Sources */,
				FAE0C0942AD6F378000AD7B3 /* StatisticsViewController.swift in Sources */,
				FAE0C0962AD6F3BC000AD7B3 /* StatisticsViewModel.swift in Sources */,
			);
			runOnlyForDeploymentPostprocessing = 0;
		};
		3F6806A529CBBAF200B4F915 /* Sources */ = {
			isa = PBXSourcesBuildPhase;
			buildActionMask = 2147483647;
			files = (
				BC9405542AE99B6400786D84 /* MockOrder.swift in Sources */,
				BC9405582AE99CF200786D84 /* CartFlowRouterSpy.swift in Sources */,
				BC94055A2AE9B7C800786D84 /* CheckoutViewModelTests.swift in Sources */,
				BC94055C2AE9BF6B00786D84 /* CheckoutServiceSpy.swift in Sources */,
				BC2C52AC2AD5CA080066C940 /* Fonts.swift in Sources */,
				BC94054F2AE6E6DC00786D84 /* CartViewModelTests.swift in Sources */,
				3F6806AE29CBBAF200B4F915 /* ExampleUnitTests.swift in Sources */,
				BC9405562AE99BAF00786D84 /* OrderServiceSpy.swift in Sources */,
				BC0710EC2AEA424D00E817EE /* MockCurrency.swift in Sources */,
			);
			runOnlyForDeploymentPostprocessing = 0;
		};
		3F6806AF29CBBAF200B4F915 /* Sources */ = {
			isa = PBXSourcesBuildPhase;
			buildActionMask = 2147483647;
			files = (
				BC2C52AB2AD5CA080066C940 /* Fonts.swift in Sources */,
				BC0710F02AEAFD3100E817EE /* CartFlowUITests.swift in Sources */,
				3F6806B829CBBAF200B4F915 /* FakeNFTUITests.swift in Sources */,
			);
			runOnlyForDeploymentPostprocessing = 0;
		};
/* End PBXSourcesBuildPhase section */

/* Begin PBXTargetDependency section */
		3F6806AB29CBBAF200B4F915 /* PBXTargetDependency */ = {
			isa = PBXTargetDependency;
			target = 3F68069229CBBAF100B4F915 /* FakeNFT */;
			targetProxy = 3F6806AA29CBBAF200B4F915 /* PBXContainerItemProxy */;
		};
		3F6806B529CBBAF200B4F915 /* PBXTargetDependency */ = {
			isa = PBXTargetDependency;
			target = 3F68069229CBBAF100B4F915 /* FakeNFT */;
			targetProxy = 3F6806B429CBBAF200B4F915 /* PBXContainerItemProxy */;
		};
/* End PBXTargetDependency section */

/* Begin PBXVariantGroup section */
		3F6806A129CBBAF200B4F915 /* LaunchScreen.storyboard */ = {
			isa = PBXVariantGroup;
			children = (
				3F6806A229CBBAF200B4F915 /* Base */,
			);
			name = LaunchScreen.storyboard;
			sourceTree = "<group>";
		};
/* End PBXVariantGroup section */

/* Begin XCBuildConfiguration section */
		3F6806BB29CBBAF200B4F915 /* Debug */ = {
			isa = XCBuildConfiguration;
			buildSettings = {
				ALWAYS_SEARCH_USER_PATHS = NO;
				CLANG_ANALYZER_NONNULL = YES;
				CLANG_ANALYZER_NUMBER_OBJECT_CONVERSION = YES_AGGRESSIVE;
				CLANG_CXX_LANGUAGE_STANDARD = "gnu++20";
				CLANG_ENABLE_MODULES = YES;
				CLANG_ENABLE_OBJC_ARC = YES;
				CLANG_ENABLE_OBJC_WEAK = YES;
				CLANG_WARN_BLOCK_CAPTURE_AUTORELEASING = YES;
				CLANG_WARN_BOOL_CONVERSION = YES;
				CLANG_WARN_COMMA = YES;
				CLANG_WARN_CONSTANT_CONVERSION = YES;
				CLANG_WARN_DEPRECATED_OBJC_IMPLEMENTATIONS = YES;
				CLANG_WARN_DIRECT_OBJC_ISA_USAGE = YES_ERROR;
				CLANG_WARN_DOCUMENTATION_COMMENTS = YES;
				CLANG_WARN_EMPTY_BODY = YES;
				CLANG_WARN_ENUM_CONVERSION = YES;
				CLANG_WARN_INFINITE_RECURSION = YES;
				CLANG_WARN_INT_CONVERSION = YES;
				CLANG_WARN_NON_LITERAL_NULL_CONVERSION = YES;
				CLANG_WARN_OBJC_IMPLICIT_RETAIN_SELF = YES;
				CLANG_WARN_OBJC_LITERAL_CONVERSION = YES;
				CLANG_WARN_OBJC_ROOT_CLASS = YES_ERROR;
				CLANG_WARN_QUOTED_INCLUDE_IN_FRAMEWORK_HEADER = YES;
				CLANG_WARN_RANGE_LOOP_ANALYSIS = YES;
				CLANG_WARN_STRICT_PROTOTYPES = YES;
				CLANG_WARN_SUSPICIOUS_MOVE = YES;
				CLANG_WARN_UNGUARDED_AVAILABILITY = YES_AGGRESSIVE;
				CLANG_WARN_UNREACHABLE_CODE = YES;
				CLANG_WARN__DUPLICATE_METHOD_MATCH = YES;
				COPY_PHASE_STRIP = NO;
				DEBUG_INFORMATION_FORMAT = dwarf;
				ENABLE_STRICT_OBJC_MSGSEND = YES;
				ENABLE_TESTABILITY = YES;
				ENABLE_USER_SCRIPT_SANDBOXING = YES;
				GCC_C_LANGUAGE_STANDARD = gnu11;
				GCC_DYNAMIC_NO_PIC = NO;
				GCC_NO_COMMON_BLOCKS = YES;
				GCC_OPTIMIZATION_LEVEL = 0;
				GCC_PREPROCESSOR_DEFINITIONS = (
					"DEBUG=1",
					"$(inherited)",
				);
				GCC_WARN_64_TO_32_BIT_CONVERSION = YES;
				GCC_WARN_ABOUT_RETURN_TYPE = YES_ERROR;
				GCC_WARN_UNDECLARED_SELECTOR = YES;
				GCC_WARN_UNINITIALIZED_AUTOS = YES_AGGRESSIVE;
				GCC_WARN_UNUSED_FUNCTION = YES;
				GCC_WARN_UNUSED_VARIABLE = YES;
				IPHONEOS_DEPLOYMENT_TARGET = 13.0;
				MTL_ENABLE_DEBUG_INFO = INCLUDE_SOURCE;
				MTL_FAST_MATH = YES;
				ONLY_ACTIVE_ARCH = YES;
				SDKROOT = iphoneos;
				SWIFT_ACTIVE_COMPILATION_CONDITIONS = DEBUG;
				SWIFT_OPTIMIZATION_LEVEL = "-Onone";
			};
			name = Debug;
		};
		3F6806BC29CBBAF200B4F915 /* Release */ = {
			isa = XCBuildConfiguration;
			buildSettings = {
				ALWAYS_SEARCH_USER_PATHS = NO;
				CLANG_ANALYZER_NONNULL = YES;
				CLANG_ANALYZER_NUMBER_OBJECT_CONVERSION = YES_AGGRESSIVE;
				CLANG_CXX_LANGUAGE_STANDARD = "gnu++20";
				CLANG_ENABLE_MODULES = YES;
				CLANG_ENABLE_OBJC_ARC = YES;
				CLANG_ENABLE_OBJC_WEAK = YES;
				CLANG_WARN_BLOCK_CAPTURE_AUTORELEASING = YES;
				CLANG_WARN_BOOL_CONVERSION = YES;
				CLANG_WARN_COMMA = YES;
				CLANG_WARN_CONSTANT_CONVERSION = YES;
				CLANG_WARN_DEPRECATED_OBJC_IMPLEMENTATIONS = YES;
				CLANG_WARN_DIRECT_OBJC_ISA_USAGE = YES_ERROR;
				CLANG_WARN_DOCUMENTATION_COMMENTS = YES;
				CLANG_WARN_EMPTY_BODY = YES;
				CLANG_WARN_ENUM_CONVERSION = YES;
				CLANG_WARN_INFINITE_RECURSION = YES;
				CLANG_WARN_INT_CONVERSION = YES;
				CLANG_WARN_NON_LITERAL_NULL_CONVERSION = YES;
				CLANG_WARN_OBJC_IMPLICIT_RETAIN_SELF = YES;
				CLANG_WARN_OBJC_LITERAL_CONVERSION = YES;
				CLANG_WARN_OBJC_ROOT_CLASS = YES_ERROR;
				CLANG_WARN_QUOTED_INCLUDE_IN_FRAMEWORK_HEADER = YES;
				CLANG_WARN_RANGE_LOOP_ANALYSIS = YES;
				CLANG_WARN_STRICT_PROTOTYPES = YES;
				CLANG_WARN_SUSPICIOUS_MOVE = YES;
				CLANG_WARN_UNGUARDED_AVAILABILITY = YES_AGGRESSIVE;
				CLANG_WARN_UNREACHABLE_CODE = YES;
				CLANG_WARN__DUPLICATE_METHOD_MATCH = YES;
				COPY_PHASE_STRIP = NO;
				DEBUG_INFORMATION_FORMAT = "dwarf-with-dsym";
				ENABLE_NS_ASSERTIONS = NO;
				ENABLE_STRICT_OBJC_MSGSEND = YES;
				ENABLE_USER_SCRIPT_SANDBOXING = YES;
				GCC_C_LANGUAGE_STANDARD = gnu11;
				GCC_NO_COMMON_BLOCKS = YES;
				GCC_WARN_64_TO_32_BIT_CONVERSION = YES;
				GCC_WARN_ABOUT_RETURN_TYPE = YES_ERROR;
				GCC_WARN_UNDECLARED_SELECTOR = YES;
				GCC_WARN_UNINITIALIZED_AUTOS = YES_AGGRESSIVE;
				GCC_WARN_UNUSED_FUNCTION = YES;
				GCC_WARN_UNUSED_VARIABLE = YES;
				IPHONEOS_DEPLOYMENT_TARGET = 13.0;
				MTL_ENABLE_DEBUG_INFO = NO;
				MTL_FAST_MATH = YES;
				SDKROOT = iphoneos;
				SWIFT_COMPILATION_MODE = wholemodule;
				SWIFT_OPTIMIZATION_LEVEL = "-O";
				VALIDATE_PRODUCT = YES;
			};
			name = Release;
		};
		3F6806BE29CBBAF200B4F915 /* Debug */ = {
			isa = XCBuildConfiguration;
			buildSettings = {
				ASSETCATALOG_COMPILER_APPICON_NAME = AppIcon;
				ASSETCATALOG_COMPILER_GLOBAL_ACCENT_COLOR_NAME = AccentColor;
				CODE_SIGN_IDENTITY = "Apple Development";
				CODE_SIGN_STYLE = Automatic;
				CURRENT_PROJECT_VERSION = 1;
				DEVELOPMENT_TEAM = BBQWCP2Q36;
				GENERATE_INFOPLIST_FILE = YES;
				INFOPLIST_FILE = FakeNFT/Info.plist;
				INFOPLIST_KEY_UIApplicationSupportsIndirectInputEvents = YES;
				INFOPLIST_KEY_UILaunchStoryboardName = LaunchScreen.storyboard;
				INFOPLIST_KEY_UISupportedInterfaceOrientations = UIInterfaceOrientationPortrait;
				INFOPLIST_KEY_UISupportedInterfaceOrientations_iPad = "UIInterfaceOrientationLandscapeLeft UIInterfaceOrientationLandscapeRight UIInterfaceOrientationPortrait UIInterfaceOrientationPortraitUpsideDown";
				IPHONEOS_DEPLOYMENT_TARGET = 13.0;
				LD_RUNPATH_SEARCH_PATHS = (
					"$(inherited)",
					"@executable_path/Frameworks",
				);
				MARKETING_VERSION = 1.0;
				PRODUCT_BUNDLE_IDENTIFIER = practicum.FakeNFT;
				PRODUCT_NAME = "$(TARGET_NAME)";
				PROVISIONING_PROFILE_SPECIFIER = "";
				SUPPORTED_PLATFORMS = "iphoneos iphonesimulator";
				SUPPORTS_MACCATALYST = NO;
				SUPPORTS_MAC_DESIGNED_FOR_IPHONE_IPAD = NO;
				SWIFT_EMIT_LOC_STRINGS = YES;
				SWIFT_VERSION = 5.0;
				TARGETED_DEVICE_FAMILY = 1;
			};
			name = Debug;
		};
		3F6806BF29CBBAF200B4F915 /* Release */ = {
			isa = XCBuildConfiguration;
			buildSettings = {
				ASSETCATALOG_COMPILER_APPICON_NAME = AppIcon;
				ASSETCATALOG_COMPILER_GLOBAL_ACCENT_COLOR_NAME = AccentColor;
				CODE_SIGN_IDENTITY = "Apple Development";
				CODE_SIGN_STYLE = Automatic;
				CURRENT_PROJECT_VERSION = 1;
				DEVELOPMENT_TEAM = BBQWCP2Q36;
				GENERATE_INFOPLIST_FILE = YES;
				INFOPLIST_FILE = FakeNFT/Info.plist;
				INFOPLIST_KEY_UIApplicationSupportsIndirectInputEvents = YES;
				INFOPLIST_KEY_UILaunchStoryboardName = LaunchScreen.storyboard;
				INFOPLIST_KEY_UISupportedInterfaceOrientations = UIInterfaceOrientationPortrait;
				INFOPLIST_KEY_UISupportedInterfaceOrientations_iPad = "UIInterfaceOrientationLandscapeLeft UIInterfaceOrientationLandscapeRight UIInterfaceOrientationPortrait UIInterfaceOrientationPortraitUpsideDown";
				IPHONEOS_DEPLOYMENT_TARGET = 13.0;
				LD_RUNPATH_SEARCH_PATHS = (
					"$(inherited)",
					"@executable_path/Frameworks",
				);
				MARKETING_VERSION = 1.0;
				PRODUCT_BUNDLE_IDENTIFIER = practicum.FakeNFT;
				PRODUCT_NAME = "$(TARGET_NAME)";
				PROVISIONING_PROFILE_SPECIFIER = "";
				SUPPORTED_PLATFORMS = "iphoneos iphonesimulator";
				SUPPORTS_MACCATALYST = NO;
				SUPPORTS_MAC_DESIGNED_FOR_IPHONE_IPAD = NO;
				SWIFT_EMIT_LOC_STRINGS = YES;
				SWIFT_VERSION = 5.0;
				TARGETED_DEVICE_FAMILY = 1;
			};
			name = Release;
		};
		3F6806C129CBBAF200B4F915 /* Debug */ = {
			isa = XCBuildConfiguration;
			buildSettings = {
				ALWAYS_EMBED_SWIFT_STANDARD_LIBRARIES = YES;
				BUNDLE_LOADER = "$(TEST_HOST)";
				CODE_SIGN_STYLE = Automatic;
				CURRENT_PROJECT_VERSION = 1;
				GENERATE_INFOPLIST_FILE = YES;
				IPHONEOS_DEPLOYMENT_TARGET = 16.2;
				MARKETING_VERSION = 1.0;
				PRODUCT_BUNDLE_IDENTIFIER = com.practicum.FakeNFTTests;
				PRODUCT_NAME = "$(TARGET_NAME)";
				SWIFT_EMIT_LOC_STRINGS = NO;
				SWIFT_VERSION = 5.0;
				TARGETED_DEVICE_FAMILY = "1,2";
				TEST_HOST = "$(BUILT_PRODUCTS_DIR)/FakeNFT.app/$(BUNDLE_EXECUTABLE_FOLDER_PATH)/FakeNFT";
			};
			name = Debug;
		};
		3F6806C229CBBAF200B4F915 /* Release */ = {
			isa = XCBuildConfiguration;
			buildSettings = {
				ALWAYS_EMBED_SWIFT_STANDARD_LIBRARIES = YES;
				BUNDLE_LOADER = "$(TEST_HOST)";
				CODE_SIGN_STYLE = Automatic;
				CURRENT_PROJECT_VERSION = 1;
				GENERATE_INFOPLIST_FILE = YES;
				IPHONEOS_DEPLOYMENT_TARGET = 16.2;
				MARKETING_VERSION = 1.0;
				PRODUCT_BUNDLE_IDENTIFIER = com.practicum.FakeNFTTests;
				PRODUCT_NAME = "$(TARGET_NAME)";
				SWIFT_EMIT_LOC_STRINGS = NO;
				SWIFT_VERSION = 5.0;
				TARGETED_DEVICE_FAMILY = "1,2";
				TEST_HOST = "$(BUILT_PRODUCTS_DIR)/FakeNFT.app/$(BUNDLE_EXECUTABLE_FOLDER_PATH)/FakeNFT";
			};
			name = Release;
		};
		3F6806C429CBBAF200B4F915 /* Debug */ = {
			isa = XCBuildConfiguration;
			buildSettings = {
				ALWAYS_EMBED_SWIFT_STANDARD_LIBRARIES = YES;
				CODE_SIGN_STYLE = Automatic;
				CURRENT_PROJECT_VERSION = 1;
				GENERATE_INFOPLIST_FILE = YES;
				MARKETING_VERSION = 1.0;
				PRODUCT_BUNDLE_IDENTIFIER = com.practicum.FakeNFTUITests;
				PRODUCT_NAME = "$(TARGET_NAME)";
				SWIFT_EMIT_LOC_STRINGS = NO;
				SWIFT_VERSION = 5.0;
				TARGETED_DEVICE_FAMILY = "1,2";
				TEST_TARGET_NAME = FakeNFT;
			};
			name = Debug;
		};
		3F6806C529CBBAF200B4F915 /* Release */ = {
			isa = XCBuildConfiguration;
			buildSettings = {
				ALWAYS_EMBED_SWIFT_STANDARD_LIBRARIES = YES;
				CODE_SIGN_STYLE = Automatic;
				CURRENT_PROJECT_VERSION = 1;
				GENERATE_INFOPLIST_FILE = YES;
				MARKETING_VERSION = 1.0;
				PRODUCT_BUNDLE_IDENTIFIER = com.practicum.FakeNFTUITests;
				PRODUCT_NAME = "$(TARGET_NAME)";
				SWIFT_EMIT_LOC_STRINGS = NO;
				SWIFT_VERSION = 5.0;
				TARGETED_DEVICE_FAMILY = "1,2";
				TEST_TARGET_NAME = FakeNFT;
			};
			name = Release;
		};
/* End XCBuildConfiguration section */

/* Begin XCConfigurationList section */
		3F68068E29CBBAF100B4F915 /* Build configuration list for PBXProject "FakeNFT" */ = {
			isa = XCConfigurationList;
			buildConfigurations = (
				3F6806BB29CBBAF200B4F915 /* Debug */,
				3F6806BC29CBBAF200B4F915 /* Release */,
			);
			defaultConfigurationIsVisible = 0;
			defaultConfigurationName = Release;
		};
		3F6806BD29CBBAF200B4F915 /* Build configuration list for PBXNativeTarget "FakeNFT" */ = {
			isa = XCConfigurationList;
			buildConfigurations = (
				3F6806BE29CBBAF200B4F915 /* Debug */,
				3F6806BF29CBBAF200B4F915 /* Release */,
			);
			defaultConfigurationIsVisible = 0;
			defaultConfigurationName = Release;
		};
		3F6806C029CBBAF200B4F915 /* Build configuration list for PBXNativeTarget "FakeNFTTests" */ = {
			isa = XCConfigurationList;
			buildConfigurations = (
				3F6806C129CBBAF200B4F915 /* Debug */,
				3F6806C229CBBAF200B4F915 /* Release */,
			);
			defaultConfigurationIsVisible = 0;
			defaultConfigurationName = Release;
		};
		3F6806C329CBBAF200B4F915 /* Build configuration list for PBXNativeTarget "FakeNFTUITests" */ = {
			isa = XCConfigurationList;
			buildConfigurations = (
				3F6806C429CBBAF200B4F915 /* Debug */,
				3F6806C529CBBAF200B4F915 /* Release */,
			);
			defaultConfigurationIsVisible = 0;
			defaultConfigurationName = Release;
		};
/* End XCConfigurationList section */

/* Begin XCRemoteSwiftPackageReference section */
		3F603CCB29DB4A53000C43D7 /* XCRemoteSwiftPackageReference "ProgressHUD" */ = {
			isa = XCRemoteSwiftPackageReference;
			repositoryURL = "https://github.com/relatedcode/ProgressHUD";
			requirement = {
				kind = upToNextMajorVersion;
				minimumVersion = 13.0.0;
			};
		};
		3F603CCE29DB4A74000C43D7 /* XCRemoteSwiftPackageReference "Kingfisher" */ = {
			isa = XCRemoteSwiftPackageReference;
			repositoryURL = "https://github.com/onevcat/Kingfisher.git";
			requirement = {
				kind = upToNextMajorVersion;
				minimumVersion = 7.0.0;
			};
		};
/* End XCRemoteSwiftPackageReference section */

/* Begin XCSwiftPackageProductDependency section */
		3F603CCC29DB4A53000C43D7 /* ProgressHUD */ = {
			isa = XCSwiftPackageProductDependency;
			package = 3F603CCB29DB4A53000C43D7 /* XCRemoteSwiftPackageReference "ProgressHUD" */;
			productName = ProgressHUD;
		};
		3F603CCF29DB4A74000C43D7 /* Kingfisher */ = {
			isa = XCSwiftPackageProductDependency;
			package = 3F603CCE29DB4A74000C43D7 /* XCRemoteSwiftPackageReference "Kingfisher" */;
			productName = Kingfisher;
		};
/* End XCSwiftPackageProductDependency section */
	};
	rootObject = 3F68068B29CBBAF100B4F915 /* Project object */;
}
